PODS:
  - Alamofire (3.3.0)
  - Button (4.4.2)
  - Masonry (0.6.4)

DEPENDENCIES:
  - Alamofire
  - Button (~> 4)
  - Masonry

SPEC CHECKSUMS:
  Alamofire: 9054db4a1b1ca9e363223183e01cea380159a27c
  Button: 49cd2e0f46b40d77e1bc3538561a8b8490ae5b63
  Masonry: 281802d04d787ea2973179ee8bcb50500579ede2

COCOAPODS: 0.39.0
