<?xml version="1.0" encoding="UTF-8"?>
<!DOCTYPE plist PUBLIC "-//Apple//DTD PLIST 1.0//EN" "http://www.apple.com/DTDs/PropertyList-1.0.dtd">
<plist version="1.0">
<dict>
	<key>archiveVersion</key>
	<string>1</string>
	<key>classes</key>
	<dict/>
	<key>objectVersion</key>
	<string>46</string>
	<key>objects</key>
	<dict>
		<key>0A12C1151CC6C8450043475F</key>
		<dict>
			<key>fileEncoding</key>
			<string>4</string>
			<key>isa</key>
			<string>PBXFileReference</string>
			<key>lastKnownFileType</key>
			<string>sourcecode.c.h</string>
			<key>path</key>
			<string>ItineraryViewController.h</string>
			<key>sourceTree</key>
			<string>&lt;group&gt;</string>
		</dict>
		<key>0A12C1161CC6C8450043475F</key>
		<dict>
			<key>fileEncoding</key>
			<string>4</string>
			<key>isa</key>
			<string>PBXFileReference</string>
			<key>lastKnownFileType</key>
			<string>sourcecode.c.objc</string>
			<key>path</key>
			<string>ItineraryViewController.m</string>
			<key>sourceTree</key>
			<string>&lt;group&gt;</string>
		</dict>
		<key>0A12C1171CC6C8450043475F</key>
		<dict>
			<key>fileRef</key>
			<string>0A12C1161CC6C8450043475F</string>
			<key>isa</key>
			<string>PBXBuildFile</string>
		</dict>
		<key>1A23E0232DBBF2C8F43C2149</key>
		<dict>
			<key>includeInIndex</key>
			<string>1</string>
			<key>isa</key>
			<string>PBXFileReference</string>
			<key>lastKnownFileType</key>
			<string>text.xcconfig</string>
			<key>name</key>
			<string>Pods-EasyOut.release.xcconfig</string>
			<key>path</key>
			<string>Pods/Target Support Files/Pods-EasyOut/Pods-EasyOut.release.xcconfig</string>
			<key>sourceTree</key>
			<string>&lt;group&gt;</string>
		</dict>
		<key>478A5D5E5340BA05712F05CE</key>
		<dict>
			<key>includeInIndex</key>
			<string>1</string>
			<key>isa</key>
			<string>PBXFileReference</string>
			<key>lastKnownFileType</key>
			<string>text.xcconfig</string>
			<key>name</key>
			<string>Pods-EggplantButton.debug.xcconfig</string>
			<key>path</key>
			<string>Pods/Target Support Files/Pods-EggplantButton/Pods-EggplantButton.debug.xcconfig</string>
			<key>sourceTree</key>
			<string>&lt;group&gt;</string>
		</dict>
		<key>48A9E1A22FFBC193A26308DC</key>
		<dict>
			<key>buildActionMask</key>
			<string>2147483647</string>
			<key>files</key>
			<array/>
			<key>inputPaths</key>
			<array/>
			<key>isa</key>
			<string>PBXShellScriptBuildPhase</string>
			<key>name</key>
			<string>Copy Pods Resources</string>
			<key>outputPaths</key>
			<array/>
			<key>runOnlyForDeploymentPostprocessing</key>
			<string>0</string>
			<key>shellPath</key>
			<string>/bin/sh</string>
			<key>shellScript</key>
			<string>"${SRCROOT}/Pods/Target Support Files/Pods-EasyOut/Pods-EasyOut-resources.sh"
</string>
			<key>showEnvVarsInLog</key>
			<string>0</string>
		</dict>
		<key>4C02D1D31CB6DD9F0031F978</key>
		<dict>
			<key>children</key>
			<array>
				<string>4CAD0CC41CB568C4008162CE</string>
				<string>4C9C96261CC58C0600C7094A</string>
			</array>
			<key>isa</key>
			<string>PBXGroup</string>
			<key>name</key>
			<string>Firebase</string>
			<key>path</key>
			<string>..</string>
			<key>sourceTree</key>
			<string>&lt;group&gt;</string>
		</dict>
		<key>4C02D1DB1CB6E2E10031F978</key>
		<dict>
			<key>children</key>
			<array>
				<string>9A5AEC301CBF476B009F2BEA</string>
				<string>9A5AEC311CBF476B009F2BEA</string>
				<string>9ACC8C181CBD399800909704</string>
				<string>9ACC8C191CBD399800909704</string>
				<string>4CBBC5FC1CBA96DF006683D8</string>
				<string>4CBBC5FD1CBA96DF006683D8</string>
				<string>4CBBC5FE1CBA96DF006683D8</string>
				<string>4CBBC5FF1CBA96DF006683D8</string>
				<string>4C64EC3B1CBAA78200FB3A45</string>
				<string>4C64EC3C1CBAA78200FB3A45</string>
				<string>0A12C1151CC6C8450043475F</string>
				<string>0A12C1161CC6C8450043475F</string>
				<string>4C0EE1571CBDA2E70092C39A</string>
				<string>4C0EE1581CBDA2E70092C39A</string>
				<string>4C358D361CAD62CE00257756</string>
				<string>4C358D371CAD62CE00257756</string>
				<string>78A7F6D21CBFFDAF00DD4937</string>
				<string>78A7F6D31CBFFDAF00DD4937</string>
				<string>9A74DC531CBF39E600B63B0B</string>
				<string>9A74DC541CBF39E600B63B0B</string>
				<string>78A7F6D61CC1672700DD4937</string>
				<string>78A7F6D71CC1672700DD4937</string>
			</array>
			<key>isa</key>
			<string>PBXGroup</string>
			<key>name</key>
			<string>View Controllers</string>
			<key>sourceTree</key>
			<string>&lt;group&gt;</string>
		</dict>
		<key>4C02D1DC1CB6E2F40031F978</key>
		<dict>
			<key>children</key>
			<array>
				<string>4C433C011CB9539C00059C92</string>
				<string>4C433C021CB9539C00059C92</string>
				<string>4C02D1DF1CB6E72C0031F978</string>
				<string>4C02D1E01CB6E72C0031F978</string>
				<string>4C02D1E21CB6E8A00031F978</string>
				<string>4C02D1E31CB6E8A00031F978</string>
				<string>4C02D1E51CB6EDD40031F978</string>
				<string>4C02D1E61CB6EDD40031F978</string>
				<string>4CBBF0851CBBEE09005BB352</string>
				<string>4CBBF0861CBBEE09005BB352</string>
			</array>
			<key>isa</key>
			<string>PBXGroup</string>
			<key>name</key>
			<string>Models</string>
			<key>path</key>
			<string>..</string>
			<key>sourceTree</key>
			<string>&lt;group&gt;</string>
		</dict>
		<key>4C02D1DF1CB6E72C0031F978</key>
		<dict>
			<key>fileEncoding</key>
			<string>4</string>
			<key>isa</key>
			<string>PBXFileReference</string>
			<key>lastKnownFileType</key>
			<string>sourcecode.c.h</string>
			<key>name</key>
			<string>User.h</string>
			<key>path</key>
			<string>EggplantButton/User.h</string>
			<key>sourceTree</key>
			<string>&lt;group&gt;</string>
		</dict>
		<key>4C02D1E01CB6E72C0031F978</key>
		<dict>
			<key>fileEncoding</key>
			<string>4</string>
			<key>isa</key>
			<string>PBXFileReference</string>
			<key>lastKnownFileType</key>
			<string>sourcecode.c.objc</string>
			<key>name</key>
			<string>User.m</string>
			<key>path</key>
			<string>EggplantButton/User.m</string>
			<key>sourceTree</key>
			<string>&lt;group&gt;</string>
		</dict>
		<key>4C02D1E11CB6E72C0031F978</key>
		<dict>
			<key>fileRef</key>
			<string>4C02D1E01CB6E72C0031F978</string>
			<key>isa</key>
			<string>PBXBuildFile</string>
		</dict>
		<key>4C02D1E21CB6E8A00031F978</key>
		<dict>
			<key>fileEncoding</key>
			<string>4</string>
			<key>isa</key>
			<string>PBXFileReference</string>
			<key>lastKnownFileType</key>
			<string>sourcecode.c.h</string>
			<key>name</key>
			<string>Itinerary.h</string>
			<key>path</key>
			<string>EggplantButton/Itinerary.h</string>
			<key>sourceTree</key>
			<string>&lt;group&gt;</string>
		</dict>
		<key>4C02D1E31CB6E8A00031F978</key>
		<dict>
			<key>fileEncoding</key>
			<string>4</string>
			<key>isa</key>
			<string>PBXFileReference</string>
			<key>lastKnownFileType</key>
			<string>sourcecode.c.objc</string>
			<key>name</key>
			<string>Itinerary.m</string>
			<key>path</key>
			<string>EggplantButton/Itinerary.m</string>
			<key>sourceTree</key>
			<string>&lt;group&gt;</string>
		</dict>
		<key>4C02D1E41CB6E8A00031F978</key>
		<dict>
			<key>fileRef</key>
			<string>4C02D1E31CB6E8A00031F978</string>
			<key>isa</key>
			<string>PBXBuildFile</string>
		</dict>
		<key>4C02D1E51CB6EDD40031F978</key>
		<dict>
			<key>fileEncoding</key>
			<string>4</string>
			<key>isa</key>
			<string>PBXFileReference</string>
			<key>lastKnownFileType</key>
			<string>sourcecode.c.h</string>
			<key>name</key>
			<string>Photo.h</string>
			<key>path</key>
			<string>EggplantButton/Photo.h</string>
			<key>sourceTree</key>
			<string>&lt;group&gt;</string>
		</dict>
		<key>4C02D1E61CB6EDD40031F978</key>
		<dict>
			<key>fileEncoding</key>
			<string>4</string>
			<key>isa</key>
			<string>PBXFileReference</string>
			<key>lastKnownFileType</key>
			<string>sourcecode.c.objc</string>
			<key>name</key>
			<string>Photo.m</string>
			<key>path</key>
			<string>EggplantButton/Photo.m</string>
			<key>sourceTree</key>
			<string>&lt;group&gt;</string>
		</dict>
		<key>4C02D1E71CB6EDD40031F978</key>
		<dict>
			<key>fileRef</key>
			<string>4C02D1E61CB6EDD40031F978</string>
			<key>isa</key>
			<string>PBXBuildFile</string>
		</dict>
		<key>4C0428221CDA5C81008E52CB</key>
		<dict>
			<key>isa</key>
			<string>PBXFileReference</string>
			<key>lastKnownFileType</key>
			<string>wrapper.framework</string>
			<key>name</key>
			<string>GameKit.framework</string>
			<key>path</key>
			<string>System/Library/Frameworks/GameKit.framework</string>
			<key>sourceTree</key>
			<string>SDKROOT</string>
		</dict>
		<key>4C0428231CDA5C81008E52CB</key>
		<dict>
			<key>fileRef</key>
			<string>4C0428221CDA5C81008E52CB</string>
			<key>isa</key>
			<string>PBXBuildFile</string>
		</dict>
		<key>4C0EE1521CBDA0930092C39A</key>
		<dict>
			<key>fileEncoding</key>
			<string>4</string>
			<key>isa</key>
			<string>PBXFileReference</string>
			<key>lastKnownFileType</key>
			<string>file.storyboard</string>
			<key>name</key>
			<string>ItineraryHistoryView.storyboard</string>
			<key>path</key>
			<string>EggplantButton/ItineraryHistoryView.storyboard</string>
			<key>sourceTree</key>
			<string>SOURCE_ROOT</string>
		</dict>
		<key>4C0EE1531CBDA0930092C39A</key>
		<dict>
			<key>fileRef</key>
			<string>4C0EE1521CBDA0930092C39A</string>
			<key>isa</key>
			<string>PBXBuildFile</string>
		</dict>
		<key>4C0EE1571CBDA2E70092C39A</key>
		<dict>
			<key>fileEncoding</key>
			<string>4</string>
			<key>isa</key>
			<string>PBXFileReference</string>
			<key>lastKnownFileType</key>
			<string>sourcecode.c.h</string>
			<key>path</key>
			<string>ItineraryHistoryTableViewController.h</string>
			<key>sourceTree</key>
			<string>&lt;group&gt;</string>
		</dict>
		<key>4C0EE1581CBDA2E70092C39A</key>
		<dict>
			<key>fileEncoding</key>
			<string>4</string>
			<key>isa</key>
			<string>PBXFileReference</string>
			<key>lastKnownFileType</key>
			<string>sourcecode.c.objc</string>
			<key>path</key>
			<string>ItineraryHistoryTableViewController.m</string>
			<key>sourceTree</key>
			<string>&lt;group&gt;</string>
		</dict>
		<key>4C0EE1591CBDA2E70092C39A</key>
		<dict>
			<key>fileRef</key>
			<string>4C0EE1581CBDA2E70092C39A</string>
			<key>isa</key>
			<string>PBXBuildFile</string>
		</dict>
		<key>4C1DE15A1CB83E5000AFBCF5</key>
		<dict>
			<key>isa</key>
			<string>PBXFileReference</string>
			<key>lastKnownFileType</key>
			<string>file</string>
			<key>name</key>
			<string>LobsterTwo-Bold.otf</string>
			<key>path</key>
			<string>EggplantButton/LobsterTwo-Bold.otf</string>
			<key>sourceTree</key>
			<string>&lt;group&gt;</string>
		</dict>
		<key>4C1DE15B1CB83E5000AFBCF5</key>
		<dict>
			<key>isa</key>
			<string>PBXFileReference</string>
			<key>lastKnownFileType</key>
			<string>file</string>
			<key>name</key>
			<string>LobsterTwo-BoldItalic.otf</string>
			<key>path</key>
			<string>EggplantButton/LobsterTwo-BoldItalic.otf</string>
			<key>sourceTree</key>
			<string>&lt;group&gt;</string>
		</dict>
		<key>4C1DE15C1CB83E5000AFBCF5</key>
		<dict>
			<key>isa</key>
			<string>PBXFileReference</string>
			<key>lastKnownFileType</key>
			<string>file</string>
			<key>name</key>
			<string>LobsterTwo-Italic.otf</string>
			<key>path</key>
			<string>EggplantButton/LobsterTwo-Italic.otf</string>
			<key>sourceTree</key>
			<string>&lt;group&gt;</string>
		</dict>
		<key>4C1DE15D1CB83E5000AFBCF5</key>
		<dict>
			<key>isa</key>
			<string>PBXFileReference</string>
			<key>lastKnownFileType</key>
			<string>file</string>
			<key>name</key>
			<string>LobsterTwo-Regular.otf</string>
			<key>path</key>
			<string>EggplantButton/LobsterTwo-Regular.otf</string>
			<key>sourceTree</key>
			<string>&lt;group&gt;</string>
		</dict>
		<key>4C1DE15E1CB83E5A00AFBCF5</key>
		<dict>
			<key>children</key>
			<array>
				<string>4CD9FF5F1CCE602E00D3E603</string>
				<string>4CD9FF601CCE602E00D3E603</string>
				<string>4CD9FF611CCE602E00D3E603</string>
				<string>4CD9FF621CCE602E00D3E603</string>
				<string>4CD9FF631CCE602E00D3E603</string>
				<string>4CD9FF641CCE602E00D3E603</string>
				<string>4CD9FF651CCE602E00D3E603</string>
				<string>4CD9FF661CCE602E00D3E603</string>
				<string>4CD9FF671CCE602E00D3E603</string>
				<string>4CD9FF681CCE602E00D3E603</string>
				<string>4CD9FF691CCE602E00D3E603</string>
				<string>4CD9FF6A1CCE602E00D3E603</string>
				<string>4CD9FF6B1CCE602E00D3E603</string>
				<string>4CD9FF6C1CCE602E00D3E603</string>
				<string>4CD9FF6D1CCE602E00D3E603</string>
				<string>4CD9FF6E1CCE602E00D3E603</string>
				<string>4C1DE15A1CB83E5000AFBCF5</string>
				<string>4C1DE15B1CB83E5000AFBCF5</string>
				<string>4C1DE15C1CB83E5000AFBCF5</string>
				<string>4C1DE15D1CB83E5000AFBCF5</string>
			</array>
			<key>isa</key>
			<string>PBXGroup</string>
			<key>name</key>
			<string>Fonts</string>
			<key>path</key>
			<string>..</string>
			<key>sourceTree</key>
			<string>&lt;group&gt;</string>
		</dict>
		<key>4C1DE15F1CB8410900AFBCF5</key>
		<dict>
			<key>fileRef</key>
			<string>4C1DE15A1CB83E5000AFBCF5</string>
			<key>isa</key>
			<string>PBXBuildFile</string>
		</dict>
		<key>4C1DE1601CB8410900AFBCF5</key>
		<dict>
			<key>fileRef</key>
			<string>4C1DE15B1CB83E5000AFBCF5</string>
			<key>isa</key>
			<string>PBXBuildFile</string>
		</dict>
		<key>4C1DE1611CB8410900AFBCF5</key>
		<dict>
			<key>fileRef</key>
			<string>4C1DE15C1CB83E5000AFBCF5</string>
			<key>isa</key>
			<string>PBXBuildFile</string>
		</dict>
		<key>4C1DE1621CB8410900AFBCF5</key>
		<dict>
			<key>fileRef</key>
			<string>4C1DE15D1CB83E5000AFBCF5</string>
			<key>isa</key>
			<string>PBXBuildFile</string>
		</dict>
		<key>4C270CA61CAB08A2003E0195</key>
		<dict>
			<key>fileEncoding</key>
			<string>4</string>
			<key>isa</key>
			<string>PBXFileReference</string>
			<key>lastKnownFileType</key>
			<string>sourcecode.c.h</string>
			<key>path</key>
			<string>Secrets.h</string>
			<key>sourceTree</key>
			<string>&lt;group&gt;</string>
		</dict>
		<key>4C270CA71CAB08A2003E0195</key>
		<dict>
			<key>fileEncoding</key>
			<string>4</string>
			<key>isa</key>
			<string>PBXFileReference</string>
			<key>lastKnownFileType</key>
			<string>sourcecode.c.objc</string>
			<key>path</key>
			<string>Secrets.m</string>
			<key>sourceTree</key>
			<string>&lt;group&gt;</string>
		</dict>
		<key>4C270CA81CAB08A2003E0195</key>
		<dict>
			<key>fileRef</key>
			<string>4C270CA71CAB08A2003E0195</string>
			<key>isa</key>
			<string>PBXBuildFile</string>
		</dict>
		<key>4C358D361CAD62CE00257756</key>
		<dict>
			<key>fileEncoding</key>
			<string>4</string>
			<key>isa</key>
			<string>PBXFileReference</string>
			<key>lastKnownFileType</key>
			<string>sourcecode.c.h</string>
			<key>path</key>
			<string>CardViewController.h</string>
			<key>sourceTree</key>
			<string>&lt;group&gt;</string>
		</dict>
		<key>4C358D371CAD62CE00257756</key>
		<dict>
			<key>fileEncoding</key>
			<string>4</string>
			<key>isa</key>
			<string>PBXFileReference</string>
			<key>lastKnownFileType</key>
			<string>sourcecode.c.objc</string>
			<key>path</key>
			<string>CardViewController.m</string>
			<key>sourceTree</key>
			<string>&lt;group&gt;</string>
		</dict>
		<key>4C358D381CAD62CE00257756</key>
		<dict>
			<key>fileRef</key>
			<string>4C358D371CAD62CE00257756</string>
			<key>isa</key>
			<string>PBXBuildFile</string>
		</dict>
		<key>4C358D711CADCDF700257756</key>
		<dict>
			<key>fileEncoding</key>
			<string>4</string>
			<key>isa</key>
			<string>PBXFileReference</string>
			<key>lastKnownFileType</key>
			<string>sourcecode.c.h</string>
			<key>name</key>
			<string>ActivityCardView.h</string>
			<key>path</key>
			<string>EggplantButton/ActivityCardView.h</string>
			<key>sourceTree</key>
			<string>&lt;group&gt;</string>
		</dict>
		<key>4C358D721CADCDF700257756</key>
		<dict>
			<key>fileEncoding</key>
			<string>4</string>
			<key>isa</key>
			<string>PBXFileReference</string>
			<key>lastKnownFileType</key>
			<string>sourcecode.c.objc</string>
			<key>name</key>
			<string>ActivityCardView.m</string>
			<key>path</key>
			<string>EggplantButton/ActivityCardView.m</string>
			<key>sourceTree</key>
			<string>&lt;group&gt;</string>
		</dict>
		<key>4C433C011CB9539C00059C92</key>
		<dict>
			<key>fileEncoding</key>
			<string>4</string>
			<key>isa</key>
			<string>PBXFileReference</string>
			<key>lastKnownFileType</key>
			<string>sourcecode.c.h</string>
			<key>name</key>
			<string>Activity.h</string>
			<key>path</key>
			<string>EggplantButton/Activity.h</string>
			<key>sourceTree</key>
			<string>&lt;group&gt;</string>
		</dict>
		<key>4C433C021CB9539C00059C92</key>
		<dict>
			<key>fileEncoding</key>
			<string>4</string>
			<key>isa</key>
			<string>PBXFileReference</string>
			<key>lastKnownFileType</key>
			<string>sourcecode.c.objc</string>
			<key>name</key>
			<string>Activity.m</string>
			<key>path</key>
			<string>EggplantButton/Activity.m</string>
			<key>sourceTree</key>
			<string>&lt;group&gt;</string>
		</dict>
		<key>4C433C031CB9539C00059C92</key>
		<dict>
			<key>fileRef</key>
			<string>4C433C021CB9539C00059C92</string>
			<key>isa</key>
			<string>PBXBuildFile</string>
		</dict>
		<key>4C64EC321CBAA6BB00FB3A45</key>
		<dict>
			<key>fileEncoding</key>
			<string>4</string>
			<key>isa</key>
			<string>PBXFileReference</string>
			<key>lastKnownFileType</key>
			<string>sourcecode.c.h</string>
			<key>path</key>
			<string>ActivitiesDataStore.h</string>
			<key>sourceTree</key>
			<string>&lt;group&gt;</string>
		</dict>
		<key>4C64EC331CBAA6BB00FB3A45</key>
		<dict>
			<key>fileEncoding</key>
			<string>4</string>
			<key>isa</key>
			<string>PBXFileReference</string>
			<key>lastKnownFileType</key>
			<string>sourcecode.c.objc</string>
			<key>path</key>
			<string>ActivitiesDataStore.m</string>
			<key>sourceTree</key>
			<string>&lt;group&gt;</string>
		</dict>
		<key>4C64EC341CBAA6BB00FB3A45</key>
		<dict>
			<key>fileRef</key>
			<string>4C64EC331CBAA6BB00FB3A45</string>
			<key>isa</key>
			<string>PBXBuildFile</string>
		</dict>
		<key>4C64EC3B1CBAA78200FB3A45</key>
		<dict>
			<key>fileEncoding</key>
			<string>4</string>
			<key>isa</key>
			<string>PBXFileReference</string>
			<key>lastKnownFileType</key>
			<string>sourcecode.c.h</string>
			<key>path</key>
			<string>CreateAccountViewController.h</string>
			<key>sourceTree</key>
			<string>&lt;group&gt;</string>
		</dict>
		<key>4C64EC3C1CBAA78200FB3A45</key>
		<dict>
			<key>fileEncoding</key>
			<string>4</string>
			<key>isa</key>
			<string>PBXFileReference</string>
			<key>lastKnownFileType</key>
			<string>sourcecode.c.objc</string>
			<key>path</key>
			<string>CreateAccountViewController.m</string>
			<key>sourceTree</key>
			<string>&lt;group&gt;</string>
		</dict>
		<key>4C64EC3D1CBAA78200FB3A45</key>
		<dict>
			<key>children</key>
			<array>
				<string>4C64EC3E1CBAA78200FB3A45</string>
			</array>
			<key>currentVersion</key>
			<string>4C64EC3E1CBAA78200FB3A45</string>
			<key>isa</key>
			<string>XCVersionGroup</string>
			<key>path</key>
			<string>EggplantButton.xcdatamodeld</string>
			<key>sourceTree</key>
			<string>&lt;group&gt;</string>
			<key>versionGroupType</key>
			<string>wrapper.xcdatamodel</string>
		</dict>
		<key>4C64EC3E1CBAA78200FB3A45</key>
		<dict>
			<key>isa</key>
			<string>PBXFileReference</string>
			<key>lastKnownFileType</key>
			<string>wrapper.xcdatamodel</string>
			<key>path</key>
			<string>EggplantButton.xcdatamodel</string>
			<key>sourceTree</key>
			<string>&lt;group&gt;</string>
		</dict>
		<key>4C64EC411CBAA78200FB3A45</key>
		<dict>
			<key>fileEncoding</key>
			<string>4</string>
			<key>isa</key>
			<string>PBXFileReference</string>
			<key>lastKnownFileType</key>
			<string>file.storyboard</string>
			<key>path</key>
			<string>ItineraryView.storyboard</string>
			<key>sourceTree</key>
			<string>&lt;group&gt;</string>
		</dict>
		<key>4C64EC421CBAA78200FB3A45</key>
		<dict>
			<key>children</key>
			<array>
				<string>4C64EC431CBAA78200FB3A45</string>
			</array>
			<key>currentVersion</key>
			<string>4C64EC431CBAA78200FB3A45</string>
			<key>isa</key>
			<string>XCVersionGroup</string>
			<key>path</key>
			<string>UserHistory.xcdatamodeld</string>
			<key>sourceTree</key>
			<string>&lt;group&gt;</string>
			<key>versionGroupType</key>
			<string>wrapper.xcdatamodel</string>
		</dict>
		<key>4C64EC431CBAA78200FB3A45</key>
		<dict>
			<key>isa</key>
			<string>PBXFileReference</string>
			<key>lastKnownFileType</key>
			<string>wrapper.xcdatamodel</string>
			<key>path</key>
			<string>UserHistory.xcdatamodel</string>
			<key>sourceTree</key>
			<string>&lt;group&gt;</string>
		</dict>
		<key>4C64EC441CBAA78200FB3A45</key>
		<dict>
			<key>fileRef</key>
			<string>4C64EC3C1CBAA78200FB3A45</string>
			<key>isa</key>
			<string>PBXBuildFile</string>
		</dict>
		<key>4C64EC451CBAA78200FB3A45</key>
		<dict>
			<key>fileRef</key>
			<string>4C64EC3D1CBAA78200FB3A45</string>
			<key>isa</key>
			<string>PBXBuildFile</string>
		</dict>
		<key>4C64EC471CBAA78200FB3A45</key>
		<dict>
			<key>fileRef</key>
			<string>4C64EC411CBAA78200FB3A45</string>
			<key>isa</key>
			<string>PBXBuildFile</string>
		</dict>
		<key>4C64EC481CBAA78200FB3A45</key>
		<dict>
			<key>fileRef</key>
			<string>4C64EC421CBAA78200FB3A45</string>
			<key>isa</key>
			<string>PBXBuildFile</string>
		</dict>
		<key>4C6B66E71CD9467D001A7321</key>
		<dict>
			<key>fileEncoding</key>
			<string>4</string>
			<key>isa</key>
			<string>PBXFileReference</string>
			<key>lastKnownFileType</key>
			<string>file.xib</string>
			<key>name</key>
			<string>UserProfileItineraryTableViewCell.xib</string>
			<key>path</key>
			<string>EggplantButton/UserProfileItineraryTableViewCell.xib</string>
			<key>sourceTree</key>
			<string>&lt;group&gt;</string>
		</dict>
		<key>4C6B66E81CD9467D001A7321</key>
		<dict>
			<key>fileRef</key>
			<string>4C6B66E71CD9467D001A7321</string>
			<key>isa</key>
			<string>PBXBuildFile</string>
		</dict>
		<key>4C6B66E91CD9478C001A7321</key>
		<dict>
			<key>fileEncoding</key>
			<string>4</string>
			<key>isa</key>
			<string>PBXFileReference</string>
			<key>lastKnownFileType</key>
			<string>sourcecode.c.h</string>
			<key>name</key>
			<string>UserProfileItineraryTableViewCell.h</string>
			<key>path</key>
			<string>EggplantButton/UserProfileItineraryTableViewCell.h</string>
			<key>sourceTree</key>
			<string>&lt;group&gt;</string>
		</dict>
		<key>4C6B66EA1CD9478C001A7321</key>
		<dict>
			<key>fileEncoding</key>
			<string>4</string>
			<key>isa</key>
			<string>PBXFileReference</string>
			<key>lastKnownFileType</key>
			<string>sourcecode.c.objc</string>
			<key>name</key>
			<string>UserProfileItineraryTableViewCell.m</string>
			<key>path</key>
			<string>EggplantButton/UserProfileItineraryTableViewCell.m</string>
			<key>sourceTree</key>
			<string>&lt;group&gt;</string>
		</dict>
		<key>4C6B66EB1CD9478C001A7321</key>
		<dict>
			<key>fileRef</key>
			<string>4C6B66EA1CD9478C001A7321</string>
			<key>isa</key>
			<string>PBXBuildFile</string>
		</dict>
		<key>4C6C89B91CD394CE0088266B</key>
		<dict>
			<key>fileEncoding</key>
			<string>4</string>
			<key>isa</key>
			<string>PBXFileReference</string>
			<key>lastKnownFileType</key>
			<string>file.xib</string>
			<key>name</key>
			<string>HistoryViewTableCell.xib</string>
			<key>path</key>
			<string>EggplantButton/HistoryViewTableCell.xib</string>
			<key>sourceTree</key>
			<string>&lt;group&gt;</string>
		</dict>
		<key>4C6C89BA1CD394CE0088266B</key>
		<dict>
			<key>fileEncoding</key>
			<string>4</string>
			<key>isa</key>
			<string>PBXFileReference</string>
			<key>lastKnownFileType</key>
			<string>sourcecode.c.h</string>
			<key>name</key>
			<string>HistoryTableViewCell.h</string>
			<key>path</key>
			<string>EggplantButton/HistoryTableViewCell.h</string>
			<key>sourceTree</key>
			<string>&lt;group&gt;</string>
		</dict>
		<key>4C6C89BB1CD394CE0088266B</key>
		<dict>
			<key>fileEncoding</key>
			<string>4</string>
			<key>isa</key>
			<string>PBXFileReference</string>
			<key>lastKnownFileType</key>
			<string>sourcecode.c.objc</string>
			<key>name</key>
			<string>HistoryTableViewCell.m</string>
			<key>path</key>
			<string>EggplantButton/HistoryTableViewCell.m</string>
			<key>sourceTree</key>
			<string>&lt;group&gt;</string>
		</dict>
		<key>4C6C89BD1CD394CE0088266B</key>
		<dict>
			<key>fileRef</key>
			<string>4C6C89B91CD394CE0088266B</string>
			<key>isa</key>
			<string>PBXBuildFile</string>
		</dict>
		<key>4C6C89BE1CD394CE0088266B</key>
		<dict>
			<key>fileRef</key>
			<string>4C6C89BB1CD394CE0088266B</string>
			<key>isa</key>
			<string>PBXBuildFile</string>
		</dict>
		<key>4C8E5A521CB74E4C005E1625</key>
		<dict>
			<key>children</key>
			<array>
				<string>4CD9FF7F1CCE605400D3E603</string>
				<string>4CD9FF801CCE605400D3E603</string>
				<string>4CD9FF811CCE605400D3E603</string>
				<string>4CD9FF821CCE605400D3E603</string>
				<string>4CD9FF831CCE605400D3E603</string>
				<string>4CD9FF841CCE605400D3E603</string>
				<string>9A3383971CBC5416004B8EFE</string>
				<string>9A3383981CBC5416004B8EFE</string>
				<string>9AA058781CAEAA57000A6AA8</string>
				<string>4C358D711CADCDF700257756</string>
				<string>4C358D721CADCDF700257756</string>
				<string>4C6C89B91CD394CE0088266B</string>
				<string>4C6C89BA1CD394CE0088266B</string>
				<string>4C6C89BB1CD394CE0088266B</string>
				<string>9AA726E91CD93E9C00E1F91E</string>
				<string>9AA726E61CD93E8C00E1F91E</string>
				<string>9AA726E71CD93E8C00E1F91E</string>
				<string>4C6B66E71CD9467D001A7321</string>
				<string>4C6B66E91CD9478C001A7321</string>
				<string>4C6B66EA1CD9478C001A7321</string>
			</array>
			<key>isa</key>
			<string>PBXGroup</string>
			<key>name</key>
			<string>Views</string>
			<key>path</key>
			<string>..</string>
			<key>sourceTree</key>
			<string>&lt;group&gt;</string>
		</dict>
		<key>4C9514C81CB44FC6009CF02A</key>
		<dict>
			<key>children</key>
			<array>
				<string>9A8C88881CC44D710053EC00</string>
				<string>9A8C88891CC44D710053EC00</string>
			</array>
			<key>isa</key>
			<string>PBXGroup</string>
			<key>name</key>
			<string>APIs</string>
			<key>sourceTree</key>
			<string>&lt;group&gt;</string>
		</dict>
		<key>4C9A036F1CAB064200CA9A02</key>
		<dict>
			<key>children</key>
			<array>
				<string>4C9A037A1CAB064200CA9A02</string>
				<string>4C9A03791CAB064200CA9A02</string>
				<string>D03BCDC2BCFE4F0C6C8F9E65</string>
				<string>4F35EC6547E403BF1EA8A91A</string>
			</array>
			<key>isa</key>
			<string>PBXGroup</string>
			<key>sourceTree</key>
			<string>&lt;group&gt;</string>
		</dict>
		<key>4C9A03701CAB064200CA9A02</key>
		<dict>
			<key>attributes</key>
			<dict>
				<key>LastUpgradeCheck</key>
				<string>0730</string>
				<key>ORGANIZATIONNAME</key>
				<string>Team Eggplant Button</string>
				<key>TargetAttributes</key>
				<dict>
					<key>4C9A03771CAB064200CA9A02</key>
					<dict>
						<key>CreatedOnToolsVersion</key>
						<string>7.3</string>
						<key>DevelopmentTeam</key>
						<string>KXY9EDFTF5</string>
						<key>SystemCapabilities</key>
						<dict>
							<key>com.apple.GameCenter</key>
							<dict>
								<key>enabled</key>
								<string>1</string>
							</dict>
							<key>com.apple.Push</key>
							<dict>
								<key>enabled</key>
								<string>1</string>
							</dict>
						</dict>
					</dict>
				</dict>
			</dict>
			<key>buildConfigurationList</key>
			<string>4C9A03731CAB064200CA9A02</string>
			<key>compatibilityVersion</key>
			<string>Xcode 3.2</string>
			<key>developmentRegion</key>
			<string>English</string>
			<key>hasScannedForEncodings</key>
			<string>0</string>
			<key>isa</key>
			<string>PBXProject</string>
			<key>knownRegions</key>
			<array>
				<string>en</string>
				<string>Base</string>
			</array>
			<key>mainGroup</key>
			<string>4C9A036F1CAB064200CA9A02</string>
			<key>productRefGroup</key>
			<string>4C9A03791CAB064200CA9A02</string>
			<key>projectDirPath</key>
			<string></string>
			<key>projectReferences</key>
			<array/>
			<key>projectRoot</key>
			<string></string>
			<key>targets</key>
			<array>
				<string>4C9A03771CAB064200CA9A02</string>
			</array>
		</dict>
		<key>4C9A03731CAB064200CA9A02</key>
		<dict>
			<key>buildConfigurations</key>
			<array>
				<string>4C9A03901CAB064200CA9A02</string>
				<string>4C9A03911CAB064200CA9A02</string>
			</array>
			<key>defaultConfigurationIsVisible</key>
			<string>0</string>
			<key>defaultConfigurationName</key>
			<string>Release</string>
			<key>isa</key>
			<string>XCConfigurationList</string>
		</dict>
		<key>4C9A03741CAB064200CA9A02</key>
		<dict>
			<key>buildActionMask</key>
			<string>2147483647</string>
			<key>files</key>
			<array>
				<string>787EEDFB1CC6B51A00555A16</string>
				<string>4C64EC451CBAA78200FB3A45</string>
				<string>9AA726E81CD93E8C00E1F91E</string>
				<string>4C0EE1591CBDA2E70092C39A</string>
				<string>4CBBC6061CBA96DF006683D8</string>
				<string>78A7F6D81CC1672700DD4937</string>
				<string>4C9C962A1CC6ABAF00C7094A</string>
				<string>9A5AEC321CBF476B009F2BEA</string>
				<string>4C358D381CAD62CE00257756</string>
				<string>9A8C888A1CC44D710053EC00</string>
				<string>4CAD0CC51CB568C4008162CE</string>
				<string>4C64EC441CBAA78200FB3A45</string>
				<string>4C02D1E11CB6E72C0031F978</string>
				<string>9ACC8C1A1CBD399800909704</string>
				<string>4C6C89BE1CD394CE0088266B</string>
				<string>4C433C031CB9539C00059C92</string>
				<string>9A33839B1CBC5416004B8EFE</string>
				<string>4C02D1E41CB6E8A00031F978</string>
				<string>4CD9FF881CCE605400D3E603</string>
				<string>4C6B66EB1CD9478C001A7321</string>
				<string>4CBBC6051CBA96DF006683D8</string>
				<string>4C9A03801CAB064200CA9A02</string>
				<string>78A7F6D41CBFFDAF00DD4937</string>
				<string>9A74DC551CBF39E600B63B0B</string>
				<string>4C270CA81CAB08A2003E0195</string>
				<string>4C02D1E71CB6EDD40031F978</string>
				<string>4C9C96271CC58C0600C7094A</string>
				<string>4CBBC6041CBA96DF006683D8</string>
				<string>4C64EC341CBAA6BB00FB3A45</string>
				<string>4CD9FF861CCE605400D3E603</string>
				<string>4CBBF0871CBBEE09005BB352</string>
				<string>4C9A037D1CAB064200CA9A02</string>
				<string>0A12C1171CC6C8450043475F</string>
				<string>4C64EC481CBAA78200FB3A45</string>
			</array>
			<key>isa</key>
			<string>PBXSourcesBuildPhase</string>
			<key>runOnlyForDeploymentPostprocessing</key>
			<string>0</string>
		</dict>
		<key>4C9A03751CAB064200CA9A02</key>
		<dict>
			<key>buildActionMask</key>
			<string>2147483647</string>
			<key>files</key>
			<array>
				<string>78A7F6CD1CBDA1FC00DD4937</string>
				<string>78A7F6CB1CBD44C500DD4937</string>
				<string>78A7F6C71CBD44AC00DD4937</string>
				<string>752C207F8039FC0AF3F24A9C</string>
				<string>4C0428231CDA5C81008E52CB</string>
				<string>F4E25B66C8B63CDBD782D4CB</string>
			</array>
			<key>isa</key>
			<string>PBXFrameworksBuildPhase</string>
			<key>runOnlyForDeploymentPostprocessing</key>
			<string>0</string>
		</dict>
		<key>4C9A03761CAB064200CA9A02</key>
		<dict>
			<key>buildActionMask</key>
			<string>2147483647</string>
			<key>files</key>
			<array>
				<string>78A7F6D51CC0217D00DD4937</string>
				<string>4C6C89BD1CD394CE0088266B</string>
				<string>4CD9FF791CCE602E00D3E603</string>
				<string>4CD9FF7D1CCE602E00D3E603</string>
				<string>4CD9FF7B1CCE602E00D3E603</string>
				<string>9ACC8C171CBD398E00909704</string>
				<string>4C6B66E81CD9467D001A7321</string>
				<string>9A74DC521CBF391900B63B0B</string>
				<string>9AA058791CAEAA57000A6AA8</string>
				<string>4C1DE1621CB8410900AFBCF5</string>
				<string>4C1DE1601CB8410900AFBCF5</string>
				<string>4CD9FF7E1CCE602E00D3E603</string>
				<string>4C1DE1611CB8410900AFBCF5</string>
				<string>4CD9FF711CCE602E00D3E603</string>
				<string>4CD9FF871CCE605400D3E603</string>
				<string>4CD9FF721CCE602E00D3E603</string>
				<string>4C64EC471CBAA78200FB3A45</string>
				<string>4CD9FF6F1CCE602E00D3E603</string>
				<string>4CD9FF731CCE602E00D3E603</string>
				<string>4CBBC5FB1CBA9618006683D8</string>
				<string>4CD9FF701CCE602E00D3E603</string>
				<string>4C1DE15F1CB8410900AFBCF5</string>
				<string>4CBBC6091CBA97B0006683D8</string>
				<string>4CD9FF771CCE602E00D3E603</string>
				<string>9AA726EA1CD93E9C00E1F91E</string>
				<string>4CD9FF751CCE602E00D3E603</string>
				<string>4CD9FF7C1CCE602E00D3E603</string>
				<string>4C9A038B1CAB064200CA9A02</string>
				<string>9A5AEC341CBF4795009F2BEA</string>
				<string>4CD9FF7A1CCE602E00D3E603</string>
				<string>4CD9FF761CCE602E00D3E603</string>
				<string>4CD9FF781CCE602E00D3E603</string>
				<string>4CD9FF851CCE605400D3E603</string>
				<string>4C0EE1531CBDA0930092C39A</string>
				<string>4CD9FF741CCE602E00D3E603</string>
			</array>
			<key>isa</key>
			<string>PBXResourcesBuildPhase</string>
			<key>runOnlyForDeploymentPostprocessing</key>
			<string>0</string>
		</dict>
		<key>4C9A03771CAB064200CA9A02</key>
		<dict>
			<key>buildConfigurationList</key>
			<string>4C9A03921CAB064200CA9A02</string>
			<key>buildPhases</key>
			<array>
				<string>89BFBFE7484337AF3D790DAC</string>
				<string>4C9A03741CAB064200CA9A02</string>
				<string>4C9A03751CAB064200CA9A02</string>
				<string>4C9A03761CAB064200CA9A02</string>
				<string>BE1F8E56031E4A3E26F2D345</string>
				<string>48A9E1A22FFBC193A26308DC</string>
			</array>
			<key>buildRules</key>
			<array/>
			<key>dependencies</key>
			<array/>
			<key>isa</key>
			<string>PBXNativeTarget</string>
			<key>name</key>
			<string>EasyOut</string>
			<key>productName</key>
			<string>EggplantButton</string>
			<key>productReference</key>
			<string>4C9A03781CAB064200CA9A02</string>
			<key>productType</key>
			<string>com.apple.product-type.application</string>
		</dict>
		<key>4C9A03781CAB064200CA9A02</key>
		<dict>
			<key>explicitFileType</key>
			<string>wrapper.application</string>
			<key>includeInIndex</key>
			<string>0</string>
			<key>isa</key>
			<string>PBXFileReference</string>
			<key>path</key>
			<string>EasyOut.app</string>
			<key>sourceTree</key>
			<string>BUILT_PRODUCTS_DIR</string>
		</dict>
		<key>4C9A03791CAB064200CA9A02</key>
		<dict>
			<key>children</key>
			<array>
				<string>4C9A03781CAB064200CA9A02</string>
			</array>
			<key>isa</key>
			<string>PBXGroup</string>
			<key>name</key>
			<string>Products</string>
			<key>sourceTree</key>
			<string>&lt;group&gt;</string>
		</dict>
		<key>4C9A037A1CAB064200CA9A02</key>
		<dict>
			<key>children</key>
			<array>
				<string>4CBBC6141CBAA170006683D8</string>
				<string>4C02D1D31CB6DD9F0031F978</string>
				<string>4CBBC5F91CBA957B006683D8</string>
				<string>4C02D1DB1CB6E2E10031F978</string>
				<string>4C8E5A521CB74E4C005E1625</string>
				<string>4C02D1DC1CB6E2F40031F978</string>
				<string>4CBBC60A1CBA9836006683D8</string>
				<string>4CBBC6111CBA9862006683D8</string>
				<string>4C9514C81CB44FC6009CF02A</string>
				<string>4C9A037B1CAB064200CA9A02</string>
				<string>4C1DE15E1CB83E5A00AFBCF5</string>
				<string>4C9A038A1CAB064200CA9A02</string>
			</array>
			<key>isa</key>
			<string>PBXGroup</string>
			<key>name</key>
			<string>EasyOut</string>
			<key>path</key>
			<string>EggplantButton</string>
			<key>sourceTree</key>
			<string>&lt;group&gt;</string>
		</dict>
		<key>4C9A037B1CAB064200CA9A02</key>
		<dict>
			<key>children</key>
			<array>
				<string>4C270CA61CAB08A2003E0195</string>
				<string>4C270CA71CAB08A2003E0195</string>
				<string>4C9A037C1CAB064200CA9A02</string>
				<string>4CAD0CBF1CB56574008162CE</string>
				<string>4C9A038F1CAB064200CA9A02</string>
				<string>4C9C96281CC6ABAF00C7094A</string>
				<string>4C9C96291CC6ABAF00C7094A</string>
			</array>
			<key>isa</key>
			<string>PBXGroup</string>
			<key>name</key>
			<string>Supporting Files</string>
			<key>sourceTree</key>
			<string>&lt;group&gt;</string>
		</dict>
		<key>4C9A037C1CAB064200CA9A02</key>
		<dict>
			<key>isa</key>
			<string>PBXFileReference</string>
			<key>lastKnownFileType</key>
			<string>sourcecode.c.objc</string>
			<key>path</key>
			<string>main.m</string>
			<key>sourceTree</key>
			<string>&lt;group&gt;</string>
		</dict>
		<key>4C9A037D1CAB064200CA9A02</key>
		<dict>
			<key>fileRef</key>
			<string>4C9A037C1CAB064200CA9A02</string>
			<key>isa</key>
			<string>PBXBuildFile</string>
		</dict>
		<key>4C9A037E1CAB064200CA9A02</key>
		<dict>
			<key>isa</key>
			<string>PBXFileReference</string>
			<key>lastKnownFileType</key>
			<string>sourcecode.c.h</string>
			<key>path</key>
			<string>AppDelegate.h</string>
			<key>sourceTree</key>
			<string>&lt;group&gt;</string>
		</dict>
		<key>4C9A037F1CAB064200CA9A02</key>
		<dict>
			<key>isa</key>
			<string>PBXFileReference</string>
			<key>lastKnownFileType</key>
			<string>sourcecode.c.objc</string>
			<key>path</key>
			<string>AppDelegate.m</string>
			<key>sourceTree</key>
			<string>&lt;group&gt;</string>
		</dict>
		<key>4C9A03801CAB064200CA9A02</key>
		<dict>
			<key>fileRef</key>
			<string>4C9A037F1CAB064200CA9A02</string>
			<key>isa</key>
			<string>PBXBuildFile</string>
		</dict>
		<key>4C9A038A1CAB064200CA9A02</key>
		<dict>
			<key>isa</key>
			<string>PBXFileReference</string>
			<key>lastKnownFileType</key>
			<string>folder.assetcatalog</string>
			<key>path</key>
			<string>Assets.xcassets</string>
			<key>sourceTree</key>
			<string>&lt;group&gt;</string>
		</dict>
		<key>4C9A038B1CAB064200CA9A02</key>
		<dict>
			<key>fileRef</key>
			<string>4C9A038A1CAB064200CA9A02</string>
			<key>isa</key>
			<string>PBXBuildFile</string>
		</dict>
		<key>4C9A038C1CAB064200CA9A02</key>
		<dict>
			<key>children</key>
			<array>
				<string>4C9A038D1CAB064200CA9A02</string>
			</array>
			<key>isa</key>
			<string>PBXVariantGroup</string>
			<key>name</key>
			<string>LaunchScreen.storyboard</string>
			<key>sourceTree</key>
			<string>&lt;group&gt;</string>
		</dict>
		<key>4C9A038D1CAB064200CA9A02</key>
		<dict>
			<key>isa</key>
			<string>PBXFileReference</string>
			<key>lastKnownFileType</key>
			<string>file.storyboard</string>
			<key>name</key>
			<string>Base</string>
			<key>path</key>
			<string>Base.lproj/LaunchScreen.storyboard</string>
			<key>sourceTree</key>
			<string>&lt;group&gt;</string>
		</dict>
		<key>4C9A038F1CAB064200CA9A02</key>
		<dict>
			<key>isa</key>
			<string>PBXFileReference</string>
			<key>lastKnownFileType</key>
			<string>text.plist.xml</string>
			<key>path</key>
			<string>Info.plist</string>
			<key>sourceTree</key>
			<string>&lt;group&gt;</string>
		</dict>
		<key>4C9A03901CAB064200CA9A02</key>
		<dict>
			<key>buildSettings</key>
			<dict>
				<key>ALWAYS_SEARCH_USER_PATHS</key>
				<string>NO</string>
				<key>CLANG_ANALYZER_NONNULL</key>
				<string>YES</string>
				<key>CLANG_CXX_LANGUAGE_STANDARD</key>
				<string>gnu++0x</string>
				<key>CLANG_CXX_LIBRARY</key>
				<string>libc++</string>
				<key>CLANG_ENABLE_MODULES</key>
				<string>YES</string>
				<key>CLANG_ENABLE_OBJC_ARC</key>
				<string>YES</string>
				<key>CLANG_WARN_BOOL_CONVERSION</key>
				<string>YES</string>
				<key>CLANG_WARN_CONSTANT_CONVERSION</key>
				<string>YES</string>
				<key>CLANG_WARN_DIRECT_OBJC_ISA_USAGE</key>
				<string>YES_ERROR</string>
				<key>CLANG_WARN_EMPTY_BODY</key>
				<string>YES</string>
				<key>CLANG_WARN_ENUM_CONVERSION</key>
				<string>YES</string>
				<key>CLANG_WARN_INT_CONVERSION</key>
				<string>YES</string>
				<key>CLANG_WARN_OBJC_ROOT_CLASS</key>
				<string>YES_ERROR</string>
				<key>CLANG_WARN_UNREACHABLE_CODE</key>
				<string>YES</string>
				<key>CLANG_WARN__DUPLICATE_METHOD_MATCH</key>
				<string>YES</string>
				<key>CODE_SIGN_IDENTITY[sdk=iphoneos*]</key>
				<string>iPhone Developer</string>
				<key>COPY_PHASE_STRIP</key>
				<string>NO</string>
				<key>DEBUG_INFORMATION_FORMAT</key>
				<string>dwarf</string>
				<key>ENABLE_STRICT_OBJC_MSGSEND</key>
				<string>YES</string>
				<key>ENABLE_TESTABILITY</key>
				<string>YES</string>
				<key>GCC_C_LANGUAGE_STANDARD</key>
				<string>gnu99</string>
				<key>GCC_DYNAMIC_NO_PIC</key>
				<string>NO</string>
				<key>GCC_NO_COMMON_BLOCKS</key>
				<string>YES</string>
				<key>GCC_OPTIMIZATION_LEVEL</key>
				<string>0</string>
				<key>GCC_PREPROCESSOR_DEFINITIONS</key>
				<array>
					<string>DEBUG=1</string>
					<string>$(inherited)</string>
				</array>
				<key>GCC_WARN_64_TO_32_BIT_CONVERSION</key>
				<string>YES</string>
				<key>GCC_WARN_ABOUT_RETURN_TYPE</key>
				<string>YES_ERROR</string>
				<key>GCC_WARN_UNDECLARED_SELECTOR</key>
				<string>YES</string>
				<key>GCC_WARN_UNINITIALIZED_AUTOS</key>
				<string>YES_AGGRESSIVE</string>
				<key>GCC_WARN_UNUSED_FUNCTION</key>
				<string>YES</string>
				<key>GCC_WARN_UNUSED_VARIABLE</key>
				<string>YES</string>
				<key>IPHONEOS_DEPLOYMENT_TARGET</key>
				<string>9.3</string>
				<key>MTL_ENABLE_DEBUG_INFO</key>
				<string>YES</string>
				<key>ONLY_ACTIVE_ARCH</key>
				<string>YES</string>
				<key>SDKROOT</key>
				<string>iphoneos</string>
				<key>TARGETED_DEVICE_FAMILY</key>
				<string>1,2</string>
			</dict>
			<key>isa</key>
			<string>XCBuildConfiguration</string>
			<key>name</key>
			<string>Debug</string>
		</dict>
		<key>4C9A03911CAB064200CA9A02</key>
		<dict>
			<key>buildSettings</key>
			<dict>
				<key>ALWAYS_SEARCH_USER_PATHS</key>
				<string>NO</string>
				<key>CLANG_ANALYZER_NONNULL</key>
				<string>YES</string>
				<key>CLANG_CXX_LANGUAGE_STANDARD</key>
				<string>gnu++0x</string>
				<key>CLANG_CXX_LIBRARY</key>
				<string>libc++</string>
				<key>CLANG_ENABLE_MODULES</key>
				<string>YES</string>
				<key>CLANG_ENABLE_OBJC_ARC</key>
				<string>YES</string>
				<key>CLANG_WARN_BOOL_CONVERSION</key>
				<string>YES</string>
				<key>CLANG_WARN_CONSTANT_CONVERSION</key>
				<string>YES</string>
				<key>CLANG_WARN_DIRECT_OBJC_ISA_USAGE</key>
				<string>YES_ERROR</string>
				<key>CLANG_WARN_EMPTY_BODY</key>
				<string>YES</string>
				<key>CLANG_WARN_ENUM_CONVERSION</key>
				<string>YES</string>
				<key>CLANG_WARN_INT_CONVERSION</key>
				<string>YES</string>
				<key>CLANG_WARN_OBJC_ROOT_CLASS</key>
				<string>YES_ERROR</string>
				<key>CLANG_WARN_UNREACHABLE_CODE</key>
				<string>YES</string>
				<key>CLANG_WARN__DUPLICATE_METHOD_MATCH</key>
				<string>YES</string>
				<key>CODE_SIGN_IDENTITY[sdk=iphoneos*]</key>
				<string>iPhone Developer</string>
				<key>COPY_PHASE_STRIP</key>
				<string>NO</string>
				<key>DEBUG_INFORMATION_FORMAT</key>
				<string>dwarf-with-dsym</string>
				<key>ENABLE_NS_ASSERTIONS</key>
				<string>NO</string>
				<key>ENABLE_STRICT_OBJC_MSGSEND</key>
				<string>YES</string>
				<key>GCC_C_LANGUAGE_STANDARD</key>
				<string>gnu99</string>
				<key>GCC_NO_COMMON_BLOCKS</key>
				<string>YES</string>
				<key>GCC_WARN_64_TO_32_BIT_CONVERSION</key>
				<string>YES</string>
				<key>GCC_WARN_ABOUT_RETURN_TYPE</key>
				<string>YES_ERROR</string>
				<key>GCC_WARN_UNDECLARED_SELECTOR</key>
				<string>YES</string>
				<key>GCC_WARN_UNINITIALIZED_AUTOS</key>
				<string>YES_AGGRESSIVE</string>
				<key>GCC_WARN_UNUSED_FUNCTION</key>
				<string>YES</string>
				<key>GCC_WARN_UNUSED_VARIABLE</key>
				<string>YES</string>
				<key>IPHONEOS_DEPLOYMENT_TARGET</key>
				<string>9.3</string>
				<key>MTL_ENABLE_DEBUG_INFO</key>
				<string>NO</string>
				<key>SDKROOT</key>
				<string>iphoneos</string>
				<key>TARGETED_DEVICE_FAMILY</key>
				<string>1,2</string>
				<key>VALIDATE_PRODUCT</key>
				<string>YES</string>
			</dict>
			<key>isa</key>
			<string>XCBuildConfiguration</string>
			<key>name</key>
			<string>Release</string>
		</dict>
		<key>4C9A03921CAB064200CA9A02</key>
		<dict>
			<key>buildConfigurations</key>
			<array>
				<string>4C9A03931CAB064200CA9A02</string>
				<string>4C9A03941CAB064200CA9A02</string>
			</array>
			<key>defaultConfigurationIsVisible</key>
			<string>0</string>
			<key>defaultConfigurationName</key>
			<string>Release</string>
			<key>isa</key>
			<string>XCConfigurationList</string>
		</dict>
		<key>4C9A03931CAB064200CA9A02</key>
		<dict>
			<key>baseConfigurationReference</key>
			<string>99B7F8078F0F3BAC0B862B71</string>
			<key>buildSettings</key>
			<dict>
				<key>ASSETCATALOG_COMPILER_APPICON_NAME</key>
				<string>AppIcon</string>
				<key>CLANG_ENABLE_MODULES</key>
				<string>YES</string>
				<key>CODE_SIGN_IDENTITY</key>
				<string>iPhone Developer</string>
				<key>CODE_SIGN_IDENTITY[sdk=iphoneos*]</key>
				<string>iPhone Developer</string>
				<key>DEFINES_MODULE</key>
				<string>YES</string>
				<key>INFOPLIST_FILE</key>
				<string>EggplantButton/Info.plist</string>
				<key>LD_RUNPATH_SEARCH_PATHS</key>
				<string>$(inherited) @executable_path/Frameworks</string>
				<key>PRODUCT_BUNDLE_IDENTIFIER</key>
				<string>TEB.EggplantButton</string>
				<key>PRODUCT_NAME</key>
				<string>$(TARGET_NAME)</string>
				<key>PROVISIONING_PROFILE</key>
				<string></string>
				<key>SWIFT_OBJC_BRIDGING_HEADER</key>
				<string>EggplantButton/EggplantButton-Bridging-Header.h</string>
				<key>SWIFT_OPTIMIZATION_LEVEL</key>
				<string>-Onone</string>
				<key>TARGETED_DEVICE_FAMILY</key>
				<string>1</string>
			</dict>
			<key>isa</key>
			<string>XCBuildConfiguration</string>
			<key>name</key>
			<string>Debug</string>
		</dict>
		<key>4C9A03941CAB064200CA9A02</key>
		<dict>
			<key>baseConfigurationReference</key>
			<string>1A23E0232DBBF2C8F43C2149</string>
			<key>buildSettings</key>
			<dict>
				<key>ASSETCATALOG_COMPILER_APPICON_NAME</key>
				<string>AppIcon</string>
				<key>CLANG_ENABLE_MODULES</key>
				<string>YES</string>
				<key>CODE_SIGN_IDENTITY</key>
				<string>iPhone Developer</string>
				<key>CODE_SIGN_IDENTITY[sdk=iphoneos*]</key>
				<string>iPhone Developer</string>
				<key>DEFINES_MODULE</key>
				<string>YES</string>
				<key>INFOPLIST_FILE</key>
				<string>EggplantButton/Info.plist</string>
				<key>LD_RUNPATH_SEARCH_PATHS</key>
				<string>$(inherited) @executable_path/Frameworks</string>
				<key>PRODUCT_BUNDLE_IDENTIFIER</key>
				<string>TEB.EggplantButton</string>
				<key>PRODUCT_NAME</key>
				<string>$(TARGET_NAME)</string>
				<key>PROVISIONING_PROFILE</key>
				<string></string>
				<key>SWIFT_OBJC_BRIDGING_HEADER</key>
				<string>EggplantButton/EggplantButton-Bridging-Header.h</string>
				<key>TARGETED_DEVICE_FAMILY</key>
				<string>1</string>
			</dict>
			<key>isa</key>
			<string>XCBuildConfiguration</string>
			<key>name</key>
			<string>Release</string>
		</dict>
		<key>4C9C96261CC58C0600C7094A</key>
		<dict>
			<key>fileEncoding</key>
			<string>4</string>
			<key>isa</key>
			<string>PBXFileReference</string>
			<key>lastKnownFileType</key>
			<string>sourcecode.swift</string>
			<key>name</key>
			<string>FirebaseIntegrationTestFunctions.swift</string>
			<key>path</key>
			<string>EggplantButton/FirebaseIntegrationTestFunctions.swift</string>
			<key>sourceTree</key>
			<string>&lt;group&gt;</string>
		</dict>
		<key>4C9C96271CC58C0600C7094A</key>
		<dict>
			<key>fileRef</key>
			<string>4C9C96261CC58C0600C7094A</string>
			<key>isa</key>
			<string>PBXBuildFile</string>
		</dict>
		<key>4C9C96281CC6ABAF00C7094A</key>
		<dict>
			<key>fileEncoding</key>
			<string>4</string>
			<key>isa</key>
			<string>PBXFileReference</string>
			<key>lastKnownFileType</key>
			<string>sourcecode.c.h</string>
			<key>path</key>
			<string>Constants.h</string>
			<key>sourceTree</key>
			<string>&lt;group&gt;</string>
		</dict>
		<key>4C9C96291CC6ABAF00C7094A</key>
		<dict>
			<key>fileEncoding</key>
			<string>4</string>
			<key>isa</key>
			<string>PBXFileReference</string>
			<key>lastKnownFileType</key>
			<string>sourcecode.c.objc</string>
			<key>path</key>
			<string>Constants.m</string>
			<key>sourceTree</key>
			<string>&lt;group&gt;</string>
		</dict>
		<key>4C9C962A1CC6ABAF00C7094A</key>
		<dict>
			<key>fileRef</key>
			<string>4C9C96291CC6ABAF00C7094A</string>
			<key>isa</key>
			<string>PBXBuildFile</string>
		</dict>
		<key>4CAD0CBF1CB56574008162CE</key>
		<dict>
			<key>isa</key>
			<string>PBXFileReference</string>
			<key>lastKnownFileType</key>
			<string>sourcecode.c.h</string>
			<key>path</key>
			<string>EggplantButton-Bridging-Header.h</string>
			<key>sourceTree</key>
			<string>&lt;group&gt;</string>
		</dict>
		<key>4CAD0CC41CB568C4008162CE</key>
		<dict>
			<key>fileEncoding</key>
			<string>4</string>
			<key>isa</key>
			<string>PBXFileReference</string>
			<key>lastKnownFileType</key>
			<string>sourcecode.swift</string>
			<key>name</key>
			<string>FirebaseIntegration.swift</string>
			<key>path</key>
			<string>EggplantButton/FirebaseIntegration.swift</string>
			<key>sourceTree</key>
			<string>&lt;group&gt;</string>
		</dict>
		<key>4CAD0CC51CB568C4008162CE</key>
		<dict>
			<key>fileRef</key>
			<string>4CAD0CC41CB568C4008162CE</string>
			<key>isa</key>
			<string>PBXBuildFile</string>
		</dict>
		<key>4CBBC5F91CBA957B006683D8</key>
		<dict>
			<key>children</key>
			<array>
				<string>4C0EE1521CBDA0930092C39A</string>
				<string>9AB65BBB1CBD95E4008A99CF</string>
				<string>9ACC8C161CBD398E00909704</string>
				<string>4CBBC6081CBA97B0006683D8</string>
				<string>4CBBC5FA1CBA9618006683D8</string>
				<string>4C64EC411CBAA78200FB3A45</string>
				<string>4C9A038C1CAB064200CA9A02</string>
				<string>9A74DC511CBF391900B63B0B</string>
				<string>9A5AEC331CBF4795009F2BEA</string>
			</array>
			<key>isa</key>
			<string>PBXGroup</string>
			<key>name</key>
			<string>Storyboards</string>
			<key>sourceTree</key>
			<string>&lt;group&gt;</string>
		</dict>
		<key>4CBBC5FA1CBA9618006683D8</key>
		<dict>
			<key>fileEncoding</key>
			<string>4</string>
			<key>isa</key>
			<string>PBXFileReference</string>
			<key>lastKnownFileType</key>
			<string>file.storyboard</string>
			<key>path</key>
			<string>Button.storyboard</string>
			<key>sourceTree</key>
			<string>&lt;group&gt;</string>
		</dict>
		<key>4CBBC5FB1CBA9618006683D8</key>
		<dict>
			<key>fileRef</key>
			<string>4CBBC5FA1CBA9618006683D8</string>
			<key>isa</key>
			<string>PBXBuildFile</string>
		</dict>
		<key>4CBBC5FC1CBA96DF006683D8</key>
		<dict>
			<key>fileEncoding</key>
			<string>4</string>
			<key>isa</key>
			<string>PBXFileReference</string>
			<key>lastKnownFileType</key>
			<string>sourcecode.c.h</string>
			<key>path</key>
			<string>AppViewController.h</string>
			<key>sourceTree</key>
			<string>&lt;group&gt;</string>
		</dict>
		<key>4CBBC5FD1CBA96DF006683D8</key>
		<dict>
			<key>fileEncoding</key>
			<string>4</string>
			<key>isa</key>
			<string>PBXFileReference</string>
			<key>lastKnownFileType</key>
			<string>sourcecode.c.objc</string>
			<key>path</key>
			<string>AppViewController.m</string>
			<key>sourceTree</key>
			<string>&lt;group&gt;</string>
		</dict>
		<key>4CBBC5FE1CBA96DF006683D8</key>
		<dict>
			<key>fileEncoding</key>
			<string>4</string>
			<key>isa</key>
			<string>PBXFileReference</string>
			<key>lastKnownFileType</key>
			<string>sourcecode.c.h</string>
			<key>path</key>
			<string>LogInViewController.h</string>
			<key>sourceTree</key>
			<string>&lt;group&gt;</string>
		</dict>
		<key>4CBBC5FF1CBA96DF006683D8</key>
		<dict>
			<key>fileEncoding</key>
			<string>4</string>
			<key>isa</key>
			<string>PBXFileReference</string>
			<key>lastKnownFileType</key>
			<string>sourcecode.c.objc</string>
			<key>path</key>
			<string>LogInViewController.m</string>
			<key>sourceTree</key>
			<string>&lt;group&gt;</string>
		</dict>
		<key>4CBBC6001CBA96DF006683D8</key>
		<dict>
			<key>fileEncoding</key>
			<string>4</string>
			<key>isa</key>
			<string>PBXFileReference</string>
			<key>lastKnownFileType</key>
			<string>sourcecode.c.h</string>
			<key>path</key>
			<string>setupButton.h</string>
			<key>sourceTree</key>
			<string>&lt;group&gt;</string>
		</dict>
		<key>4CBBC6011CBA96DF006683D8</key>
		<dict>
			<key>fileEncoding</key>
			<string>4</string>
			<key>isa</key>
			<string>PBXFileReference</string>
			<key>lastKnownFileType</key>
			<string>sourcecode.c.objc</string>
			<key>path</key>
			<string>setupButton.m</string>
			<key>sourceTree</key>
			<string>&lt;group&gt;</string>
		</dict>
		<key>4CBBC6041CBA96DF006683D8</key>
		<dict>
			<key>fileRef</key>
			<string>4CBBC5FD1CBA96DF006683D8</string>
			<key>isa</key>
			<string>PBXBuildFile</string>
		</dict>
		<key>4CBBC6051CBA96DF006683D8</key>
		<dict>
			<key>fileRef</key>
			<string>4CBBC5FF1CBA96DF006683D8</string>
			<key>isa</key>
			<string>PBXBuildFile</string>
		</dict>
		<key>4CBBC6061CBA96DF006683D8</key>
		<dict>
			<key>fileRef</key>
			<string>4CBBC6011CBA96DF006683D8</string>
			<key>isa</key>
			<string>PBXBuildFile</string>
		</dict>
		<key>4CBBC6081CBA97B0006683D8</key>
		<dict>
			<key>fileEncoding</key>
			<string>4</string>
			<key>isa</key>
			<string>PBXFileReference</string>
			<key>lastKnownFileType</key>
			<string>file.storyboard</string>
			<key>path</key>
			<string>Main.storyboard</string>
			<key>sourceTree</key>
			<string>&lt;group&gt;</string>
		</dict>
		<key>4CBBC6091CBA97B0006683D8</key>
		<dict>
			<key>fileRef</key>
			<string>4CBBC6081CBA97B0006683D8</string>
			<key>isa</key>
			<string>PBXBuildFile</string>
		</dict>
		<key>4CBBC60A1CBA9836006683D8</key>
		<dict>
			<key>children</key>
			<array>
				<string>4C64EC3D1CBAA78200FB3A45</string>
				<string>4C64EC421CBAA78200FB3A45</string>
				<string>4C64EC321CBAA6BB00FB3A45</string>
				<string>4C64EC331CBAA6BB00FB3A45</string>
			</array>
			<key>isa</key>
			<string>PBXGroup</string>
			<key>name</key>
			<string>DataStores</string>
			<key>sourceTree</key>
			<string>&lt;group&gt;</string>
		</dict>
		<key>4CBBC6111CBA9862006683D8</key>
		<dict>
			<key>children</key>
			<array>
				<string>4CBBC6001CBA96DF006683D8</string>
				<string>4CBBC6011CBA96DF006683D8</string>
			</array>
			<key>isa</key>
			<string>PBXGroup</string>
			<key>name</key>
			<string>Button Files</string>
			<key>sourceTree</key>
			<string>&lt;group&gt;</string>
		</dict>
		<key>4CBBC6141CBAA170006683D8</key>
		<dict>
			<key>children</key>
			<array>
				<string>4C9A037E1CAB064200CA9A02</string>
				<string>4C9A037F1CAB064200CA9A02</string>
			</array>
			<key>isa</key>
			<string>PBXGroup</string>
			<key>name</key>
			<string>App Delegate</string>
			<key>sourceTree</key>
			<string>&lt;group&gt;</string>
		</dict>
		<key>4CBBF0851CBBEE09005BB352</key>
		<dict>
			<key>fileEncoding</key>
			<string>4</string>
			<key>isa</key>
			<string>PBXFileReference</string>
			<key>lastKnownFileType</key>
			<string>sourcecode.c.h</string>
			<key>name</key>
			<string>Tip.h</string>
			<key>path</key>
			<string>EggplantButton/Tip.h</string>
			<key>sourceTree</key>
			<string>&lt;group&gt;</string>
		</dict>
		<key>4CBBF0861CBBEE09005BB352</key>
		<dict>
			<key>fileEncoding</key>
			<string>4</string>
			<key>isa</key>
			<string>PBXFileReference</string>
			<key>lastKnownFileType</key>
			<string>sourcecode.c.objc</string>
			<key>name</key>
			<string>Tip.m</string>
			<key>path</key>
			<string>EggplantButton/Tip.m</string>
			<key>sourceTree</key>
			<string>&lt;group&gt;</string>
		</dict>
		<key>4CBBF0871CBBEE09005BB352</key>
		<dict>
			<key>fileRef</key>
			<string>4CBBF0861CBBEE09005BB352</string>
			<key>isa</key>
			<string>PBXBuildFile</string>
		</dict>
		<key>4CD9FF5F1CCE602E00D3E603</key>
		<dict>
			<key>isa</key>
			<string>PBXFileReference</string>
			<key>lastKnownFileType</key>
			<string>file</string>
			<key>name</key>
			<string>Roboto-Black.ttf</string>
			<key>path</key>
			<string>EggplantButton/Roboto-Black.ttf</string>
			<key>sourceTree</key>
			<string>&lt;group&gt;</string>
		</dict>
		<key>4CD9FF601CCE602E00D3E603</key>
		<dict>
			<key>isa</key>
			<string>PBXFileReference</string>
			<key>lastKnownFileType</key>
			<string>file</string>
			<key>name</key>
			<string>Roboto-BlackItalic.ttf</string>
			<key>path</key>
			<string>EggplantButton/Roboto-BlackItalic.ttf</string>
			<key>sourceTree</key>
			<string>&lt;group&gt;</string>
		</dict>
		<key>4CD9FF611CCE602E00D3E603</key>
		<dict>
			<key>isa</key>
			<string>PBXFileReference</string>
			<key>lastKnownFileType</key>
			<string>file</string>
			<key>name</key>
			<string>Roboto-Bold.ttf</string>
			<key>path</key>
			<string>EggplantButton/Roboto-Bold.ttf</string>
			<key>sourceTree</key>
			<string>&lt;group&gt;</string>
		</dict>
		<key>4CD9FF621CCE602E00D3E603</key>
		<dict>
			<key>isa</key>
			<string>PBXFileReference</string>
			<key>lastKnownFileType</key>
			<string>file</string>
			<key>name</key>
			<string>Roboto-BoldCondensed.ttf</string>
			<key>path</key>
			<string>EggplantButton/Roboto-BoldCondensed.ttf</string>
			<key>sourceTree</key>
			<string>&lt;group&gt;</string>
		</dict>
		<key>4CD9FF631CCE602E00D3E603</key>
		<dict>
			<key>isa</key>
			<string>PBXFileReference</string>
			<key>lastKnownFileType</key>
			<string>file</string>
			<key>name</key>
			<string>Roboto-BoldCondensedItalic.ttf</string>
			<key>path</key>
			<string>EggplantButton/Roboto-BoldCondensedItalic.ttf</string>
			<key>sourceTree</key>
			<string>&lt;group&gt;</string>
		</dict>
		<key>4CD9FF641CCE602E00D3E603</key>
		<dict>
			<key>isa</key>
			<string>PBXFileReference</string>
			<key>lastKnownFileType</key>
			<string>file</string>
			<key>name</key>
			<string>Roboto-BoldItalic.ttf</string>
			<key>path</key>
			<string>EggplantButton/Roboto-BoldItalic.ttf</string>
			<key>sourceTree</key>
			<string>&lt;group&gt;</string>
		</dict>
		<key>4CD9FF651CCE602E00D3E603</key>
		<dict>
			<key>isa</key>
			<string>PBXFileReference</string>
			<key>lastKnownFileType</key>
			<string>file</string>
			<key>name</key>
			<string>Roboto-Condensed.ttf</string>
			<key>path</key>
			<string>EggplantButton/Roboto-Condensed.ttf</string>
			<key>sourceTree</key>
			<string>&lt;group&gt;</string>
		</dict>
		<key>4CD9FF661CCE602E00D3E603</key>
		<dict>
			<key>isa</key>
			<string>PBXFileReference</string>
			<key>lastKnownFileType</key>
			<string>file</string>
			<key>name</key>
			<string>Roboto-CondensedItalic.ttf</string>
			<key>path</key>
			<string>EggplantButton/Roboto-CondensedItalic.ttf</string>
			<key>sourceTree</key>
			<string>&lt;group&gt;</string>
		</dict>
		<key>4CD9FF671CCE602E00D3E603</key>
		<dict>
			<key>isa</key>
			<string>PBXFileReference</string>
			<key>lastKnownFileType</key>
			<string>file</string>
			<key>name</key>
			<string>Roboto-Italic.ttf</string>
			<key>path</key>
			<string>EggplantButton/Roboto-Italic.ttf</string>
			<key>sourceTree</key>
			<string>&lt;group&gt;</string>
		</dict>
		<key>4CD9FF681CCE602E00D3E603</key>
		<dict>
			<key>isa</key>
			<string>PBXFileReference</string>
			<key>lastKnownFileType</key>
			<string>file</string>
			<key>name</key>
			<string>Roboto-Light.ttf</string>
			<key>path</key>
			<string>EggplantButton/Roboto-Light.ttf</string>
			<key>sourceTree</key>
			<string>&lt;group&gt;</string>
		</dict>
		<key>4CD9FF691CCE602E00D3E603</key>
		<dict>
			<key>isa</key>
			<string>PBXFileReference</string>
			<key>lastKnownFileType</key>
			<string>file</string>
			<key>name</key>
			<string>Roboto-LightItalic.ttf</string>
			<key>path</key>
			<string>EggplantButton/Roboto-LightItalic.ttf</string>
			<key>sourceTree</key>
			<string>&lt;group&gt;</string>
		</dict>
		<key>4CD9FF6A1CCE602E00D3E603</key>
		<dict>
			<key>isa</key>
			<string>PBXFileReference</string>
			<key>lastKnownFileType</key>
			<string>file</string>
			<key>name</key>
			<string>Roboto-Medium.ttf</string>
			<key>path</key>
			<string>EggplantButton/Roboto-Medium.ttf</string>
			<key>sourceTree</key>
			<string>&lt;group&gt;</string>
		</dict>
		<key>4CD9FF6B1CCE602E00D3E603</key>
		<dict>
			<key>isa</key>
			<string>PBXFileReference</string>
			<key>lastKnownFileType</key>
			<string>file</string>
			<key>name</key>
			<string>Roboto-MediumItalic.ttf</string>
			<key>path</key>
			<string>EggplantButton/Roboto-MediumItalic.ttf</string>
			<key>sourceTree</key>
			<string>&lt;group&gt;</string>
		</dict>
		<key>4CD9FF6C1CCE602E00D3E603</key>
		<dict>
			<key>isa</key>
			<string>PBXFileReference</string>
			<key>lastKnownFileType</key>
			<string>file</string>
			<key>name</key>
			<string>Roboto-Regular.ttf</string>
			<key>path</key>
			<string>EggplantButton/Roboto-Regular.ttf</string>
			<key>sourceTree</key>
			<string>&lt;group&gt;</string>
		</dict>
		<key>4CD9FF6D1CCE602E00D3E603</key>
		<dict>
			<key>isa</key>
			<string>PBXFileReference</string>
			<key>lastKnownFileType</key>
			<string>file</string>
			<key>name</key>
			<string>Roboto-Thin.ttf</string>
			<key>path</key>
			<string>EggplantButton/Roboto-Thin.ttf</string>
			<key>sourceTree</key>
			<string>&lt;group&gt;</string>
		</dict>
		<key>4CD9FF6E1CCE602E00D3E603</key>
		<dict>
			<key>isa</key>
			<string>PBXFileReference</string>
			<key>lastKnownFileType</key>
			<string>file</string>
			<key>name</key>
			<string>Roboto-ThinItalic.ttf</string>
			<key>path</key>
			<string>EggplantButton/Roboto-ThinItalic.ttf</string>
			<key>sourceTree</key>
			<string>&lt;group&gt;</string>
		</dict>
		<key>4CD9FF6F1CCE602E00D3E603</key>
		<dict>
			<key>fileRef</key>
			<string>4CD9FF5F1CCE602E00D3E603</string>
			<key>isa</key>
			<string>PBXBuildFile</string>
		</dict>
		<key>4CD9FF701CCE602E00D3E603</key>
		<dict>
			<key>fileRef</key>
			<string>4CD9FF601CCE602E00D3E603</string>
			<key>isa</key>
			<string>PBXBuildFile</string>
		</dict>
		<key>4CD9FF711CCE602E00D3E603</key>
		<dict>
			<key>fileRef</key>
			<string>4CD9FF611CCE602E00D3E603</string>
			<key>isa</key>
			<string>PBXBuildFile</string>
		</dict>
		<key>4CD9FF721CCE602E00D3E603</key>
		<dict>
			<key>fileRef</key>
			<string>4CD9FF621CCE602E00D3E603</string>
			<key>isa</key>
			<string>PBXBuildFile</string>
		</dict>
		<key>4CD9FF731CCE602E00D3E603</key>
		<dict>
			<key>fileRef</key>
			<string>4CD9FF631CCE602E00D3E603</string>
			<key>isa</key>
			<string>PBXBuildFile</string>
		</dict>
		<key>4CD9FF741CCE602E00D3E603</key>
		<dict>
			<key>fileRef</key>
			<string>4CD9FF641CCE602E00D3E603</string>
			<key>isa</key>
			<string>PBXBuildFile</string>
		</dict>
		<key>4CD9FF751CCE602E00D3E603</key>
		<dict>
			<key>fileRef</key>
			<string>4CD9FF651CCE602E00D3E603</string>
			<key>isa</key>
			<string>PBXBuildFile</string>
		</dict>
		<key>4CD9FF761CCE602E00D3E603</key>
		<dict>
			<key>fileRef</key>
			<string>4CD9FF661CCE602E00D3E603</string>
			<key>isa</key>
			<string>PBXBuildFile</string>
		</dict>
		<key>4CD9FF771CCE602E00D3E603</key>
		<dict>
			<key>fileRef</key>
			<string>4CD9FF671CCE602E00D3E603</string>
			<key>isa</key>
			<string>PBXBuildFile</string>
		</dict>
		<key>4CD9FF781CCE602E00D3E603</key>
		<dict>
			<key>fileRef</key>
			<string>4CD9FF681CCE602E00D3E603</string>
			<key>isa</key>
			<string>PBXBuildFile</string>
		</dict>
		<key>4CD9FF791CCE602E00D3E603</key>
		<dict>
			<key>fileRef</key>
			<string>4CD9FF691CCE602E00D3E603</string>
			<key>isa</key>
			<string>PBXBuildFile</string>
		</dict>
		<key>4CD9FF7A1CCE602E00D3E603</key>
		<dict>
			<key>fileRef</key>
			<string>4CD9FF6A1CCE602E00D3E603</string>
			<key>isa</key>
			<string>PBXBuildFile</string>
		</dict>
		<key>4CD9FF7B1CCE602E00D3E603</key>
		<dict>
			<key>fileRef</key>
			<string>4CD9FF6B1CCE602E00D3E603</string>
			<key>isa</key>
			<string>PBXBuildFile</string>
		</dict>
		<key>4CD9FF7C1CCE602E00D3E603</key>
		<dict>
			<key>fileRef</key>
			<string>4CD9FF6C1CCE602E00D3E603</string>
			<key>isa</key>
			<string>PBXBuildFile</string>
		</dict>
		<key>4CD9FF7D1CCE602E00D3E603</key>
		<dict>
			<key>fileRef</key>
			<string>4CD9FF6D1CCE602E00D3E603</string>
			<key>isa</key>
			<string>PBXBuildFile</string>
		</dict>
		<key>4CD9FF7E1CCE602E00D3E603</key>
		<dict>
			<key>fileRef</key>
			<string>4CD9FF6E1CCE602E00D3E603</string>
			<key>isa</key>
			<string>PBXBuildFile</string>
		</dict>
		<key>4CD9FF7F1CCE605400D3E603</key>
		<dict>
			<key>fileEncoding</key>
			<string>4</string>
			<key>isa</key>
			<string>PBXFileReference</string>
			<key>lastKnownFileType</key>
			<string>file.xib</string>
			<key>name</key>
			<string>CircleLabel.xib</string>
			<key>path</key>
			<string>EggplantButton/CircleLabel.xib</string>
			<key>sourceTree</key>
			<string>&lt;group&gt;</string>
		</dict>
		<key>4CD9FF801CCE605400D3E603</key>
		<dict>
			<key>fileEncoding</key>
			<string>4</string>
			<key>isa</key>
			<string>PBXFileReference</string>
			<key>lastKnownFileType</key>
			<string>sourcecode.c.h</string>
			<key>name</key>
			<string>CircleLabelView.h</string>
			<key>path</key>
			<string>EggplantButton/CircleLabelView.h</string>
			<key>sourceTree</key>
			<string>&lt;group&gt;</string>
		</dict>
		<key>4CD9FF811CCE605400D3E603</key>
		<dict>
			<key>fileEncoding</key>
			<string>4</string>
			<key>isa</key>
			<string>PBXFileReference</string>
			<key>lastKnownFileType</key>
			<string>sourcecode.c.objc</string>
			<key>name</key>
			<string>CircleLabelView.m</string>
			<key>path</key>
			<string>EggplantButton/CircleLabelView.m</string>
			<key>sourceTree</key>
			<string>&lt;group&gt;</string>
		</dict>
		<key>4CD9FF821CCE605400D3E603</key>
		<dict>
			<key>fileEncoding</key>
			<string>4</string>
			<key>isa</key>
			<string>PBXFileReference</string>
			<key>lastKnownFileType</key>
			<string>file.xib</string>
			<key>name</key>
			<string>ItineraryReviewCell.xib</string>
			<key>path</key>
			<string>EggplantButton/ItineraryReviewCell.xib</string>
			<key>sourceTree</key>
			<string>&lt;group&gt;</string>
		</dict>
		<key>4CD9FF831CCE605400D3E603</key>
		<dict>
			<key>fileEncoding</key>
			<string>4</string>
			<key>isa</key>
			<string>PBXFileReference</string>
			<key>lastKnownFileType</key>
			<string>sourcecode.c.h</string>
			<key>name</key>
			<string>ItineraryReviewTableViewCell.h</string>
			<key>path</key>
			<string>EggplantButton/ItineraryReviewTableViewCell.h</string>
			<key>sourceTree</key>
			<string>&lt;group&gt;</string>
		</dict>
		<key>4CD9FF841CCE605400D3E603</key>
		<dict>
			<key>fileEncoding</key>
			<string>4</string>
			<key>isa</key>
			<string>PBXFileReference</string>
			<key>lastKnownFileType</key>
			<string>sourcecode.c.objc</string>
			<key>name</key>
			<string>ItineraryReviewTableViewCell.m</string>
			<key>path</key>
			<string>EggplantButton/ItineraryReviewTableViewCell.m</string>
			<key>sourceTree</key>
			<string>&lt;group&gt;</string>
		</dict>
		<key>4CD9FF851CCE605400D3E603</key>
		<dict>
			<key>fileRef</key>
			<string>4CD9FF7F1CCE605400D3E603</string>
			<key>isa</key>
			<string>PBXBuildFile</string>
		</dict>
		<key>4CD9FF861CCE605400D3E603</key>
		<dict>
			<key>fileRef</key>
			<string>4CD9FF811CCE605400D3E603</string>
			<key>isa</key>
			<string>PBXBuildFile</string>
		</dict>
		<key>4CD9FF871CCE605400D3E603</key>
		<dict>
			<key>fileRef</key>
			<string>4CD9FF821CCE605400D3E603</string>
			<key>isa</key>
			<string>PBXBuildFile</string>
		</dict>
		<key>4CD9FF881CCE605400D3E603</key>
		<dict>
			<key>fileRef</key>
			<string>4CD9FF841CCE605400D3E603</string>
			<key>isa</key>
			<string>PBXBuildFile</string>
		</dict>
		<key>4F35EC6547E403BF1EA8A91A</key>
		<dict>
			<key>children</key>
			<array>
				<string>4C0428221CDA5C81008E52CB</string>
				<string>78A7F6CC1CBDA1FC00DD4937</string>
				<string>78A7F6CA1CBD44C500DD4937</string>
				<string>78A7F6C61CBD44AC00DD4937</string>
				<string>620C2EAF950D8ACD2F96FDC8</string>
				<string>F61332334E4FCAE904AD1FDF</string>
			</array>
			<key>isa</key>
			<string>PBXGroup</string>
			<key>name</key>
			<string>Frameworks</string>
			<key>sourceTree</key>
			<string>&lt;group&gt;</string>
		</dict>
		<key>5B0FD8E68B26336D4AE48A9A</key>
		<dict>
			<key>includeInIndex</key>
			<string>1</string>
			<key>isa</key>
			<string>PBXFileReference</string>
			<key>lastKnownFileType</key>
			<string>text.xcconfig</string>
			<key>name</key>
			<string>Pods-EggplantButton.release.xcconfig</string>
			<key>path</key>
			<string>Pods/Target Support Files/Pods-EggplantButton/Pods-EggplantButton.release.xcconfig</string>
			<key>sourceTree</key>
			<string>&lt;group&gt;</string>
		</dict>
		<key>620C2EAF950D8ACD2F96FDC8</key>
		<dict>
			<key>explicitFileType</key>
			<string>wrapper.framework</string>
			<key>includeInIndex</key>
			<string>0</string>
			<key>isa</key>
			<string>PBXFileReference</string>
			<key>path</key>
			<string>Pods_EggplantButton.framework</string>
			<key>sourceTree</key>
			<string>BUILT_PRODUCTS_DIR</string>
		</dict>
		<key>752C207F8039FC0AF3F24A9C</key>
		<dict>
			<key>fileRef</key>
			<string>620C2EAF950D8ACD2F96FDC8</string>
			<key>isa</key>
			<string>PBXBuildFile</string>
		</dict>
		<key>787EEDFB1CC6B51A00555A16</key>
		<dict>
			<key>fileRef</key>
			<string>4C358D721CADCDF700257756</string>
			<key>isa</key>
			<string>PBXBuildFile</string>
		</dict>
		<key>78A7F6C61CBD44AC00DD4937</key>
		<dict>
			<key>isa</key>
			<string>PBXFileReference</string>
			<key>lastKnownFileType</key>
			<string>wrapper.framework</string>
			<key>name</key>
			<string>CoreMotion.framework</string>
			<key>path</key>
			<string>System/Library/Frameworks/CoreMotion.framework</string>
			<key>sourceTree</key>
			<string>SDKROOT</string>
		</dict>
		<key>78A7F6C71CBD44AC00DD4937</key>
		<dict>
			<key>fileRef</key>
			<string>78A7F6C61CBD44AC00DD4937</string>
			<key>isa</key>
			<string>PBXBuildFile</string>
		</dict>
		<key>78A7F6CA1CBD44C500DD4937</key>
		<dict>
			<key>isa</key>
			<string>PBXFileReference</string>
			<key>lastKnownFileType</key>
			<string>wrapper.framework</string>
			<key>name</key>
			<string>GameplayKit.framework</string>
			<key>path</key>
			<string>System/Library/Frameworks/GameplayKit.framework</string>
			<key>sourceTree</key>
			<string>SDKROOT</string>
		</dict>
		<key>78A7F6CB1CBD44C500DD4937</key>
		<dict>
			<key>fileRef</key>
			<string>78A7F6CA1CBD44C500DD4937</string>
			<key>isa</key>
			<string>PBXBuildFile</string>
		</dict>
		<key>78A7F6CC1CBDA1FC00DD4937</key>
		<dict>
			<key>isa</key>
			<string>PBXFileReference</string>
			<key>lastKnownFileType</key>
			<string>wrapper.framework</string>
			<key>name</key>
			<string>AudioToolbox.framework</string>
			<key>path</key>
			<string>System/Library/Frameworks/AudioToolbox.framework</string>
			<key>sourceTree</key>
			<string>SDKROOT</string>
		</dict>
		<key>78A7F6CD1CBDA1FC00DD4937</key>
		<dict>
			<key>fileRef</key>
			<string>78A7F6CC1CBDA1FC00DD4937</string>
			<key>isa</key>
			<string>PBXBuildFile</string>
		</dict>
		<key>78A7F6D21CBFFDAF00DD4937</key>
		<dict>
			<key>fileEncoding</key>
			<string>4</string>
			<key>isa</key>
			<string>PBXFileReference</string>
			<key>lastKnownFileType</key>
			<string>sourcecode.c.h</string>
			<key>path</key>
			<string>mainContainerViewController.h</string>
			<key>sourceTree</key>
			<string>&lt;group&gt;</string>
		</dict>
		<key>78A7F6D31CBFFDAF00DD4937</key>
		<dict>
			<key>fileEncoding</key>
			<string>4</string>
			<key>isa</key>
			<string>PBXFileReference</string>
			<key>lastKnownFileType</key>
			<string>sourcecode.c.objc</string>
			<key>path</key>
			<string>mainContainerViewController.m</string>
			<key>sourceTree</key>
			<string>&lt;group&gt;</string>
		</dict>
		<key>78A7F6D41CBFFDAF00DD4937</key>
		<dict>
			<key>fileRef</key>
			<string>78A7F6D31CBFFDAF00DD4937</string>
			<key>isa</key>
			<string>PBXBuildFile</string>
		</dict>
		<key>78A7F6D51CC0217D00DD4937</key>
		<dict>
			<key>fileRef</key>
			<string>9AB65BBB1CBD95E4008A99CF</string>
			<key>isa</key>
			<string>PBXBuildFile</string>
		</dict>
		<key>78A7F6D61CC1672700DD4937</key>
		<dict>
			<key>fileEncoding</key>
			<string>4</string>
			<key>isa</key>
			<string>PBXFileReference</string>
			<key>lastKnownFileType</key>
			<string>sourcecode.c.h</string>
			<key>path</key>
			<string>sideMenuViewController.h</string>
			<key>sourceTree</key>
			<string>&lt;group&gt;</string>
		</dict>
		<key>78A7F6D71CC1672700DD4937</key>
		<dict>
			<key>fileEncoding</key>
			<string>4</string>
			<key>isa</key>
			<string>PBXFileReference</string>
			<key>lastKnownFileType</key>
			<string>sourcecode.c.objc</string>
			<key>path</key>
			<string>sideMenuViewController.m</string>
			<key>sourceTree</key>
			<string>&lt;group&gt;</string>
		</dict>
		<key>78A7F6D81CC1672700DD4937</key>
		<dict>
			<key>fileRef</key>
			<string>78A7F6D71CC1672700DD4937</string>
			<key>isa</key>
			<string>PBXBuildFile</string>
		</dict>
		<key>89BFBFE7484337AF3D790DAC</key>
		<dict>
			<key>buildActionMask</key>
			<string>2147483647</string>
			<key>files</key>
			<array/>
			<key>inputPaths</key>
			<array/>
			<key>isa</key>
			<string>PBXShellScriptBuildPhase</string>
			<key>name</key>
			<string>Check Pods Manifest.lock</string>
			<key>outputPaths</key>
			<array/>
			<key>runOnlyForDeploymentPostprocessing</key>
			<string>0</string>
			<key>shellPath</key>
			<string>/bin/sh</string>
			<key>shellScript</key>
			<string>diff "${PODS_ROOT}/../Podfile.lock" "${PODS_ROOT}/Manifest.lock" &gt; /dev/null
if [[ $? != 0 ]] ; then
    cat &lt;&lt; EOM
error: The sandbox is not in sync with the Podfile.lock. Run 'pod install' or update your CocoaPods installation.
EOM
    exit 1
fi
</string>
			<key>showEnvVarsInLog</key>
			<string>0</string>
		</dict>
		<key>99B7F8078F0F3BAC0B862B71</key>
		<dict>
			<key>includeInIndex</key>
			<string>1</string>
			<key>isa</key>
			<string>PBXFileReference</string>
			<key>lastKnownFileType</key>
			<string>text.xcconfig</string>
			<key>name</key>
			<string>Pods-EasyOut.debug.xcconfig</string>
			<key>path</key>
			<string>Pods/Target Support Files/Pods-EasyOut/Pods-EasyOut.debug.xcconfig</string>
			<key>sourceTree</key>
			<string>&lt;group&gt;</string>
		</dict>
		<key>9A3383971CBC5416004B8EFE</key>
		<dict>
			<key>fileEncoding</key>
			<string>4</string>
			<key>isa</key>
			<string>PBXFileReference</string>
			<key>lastKnownFileType</key>
			<string>sourcecode.c.h</string>
			<key>name</key>
			<string>ActivityCardCollectionViewCell.h</string>
			<key>path</key>
			<string>EggplantButton/ActivityCardCollectionViewCell.h</string>
			<key>sourceTree</key>
			<string>&lt;group&gt;</string>
		</dict>
		<key>9A3383981CBC5416004B8EFE</key>
		<dict>
			<key>fileEncoding</key>
			<string>4</string>
			<key>isa</key>
			<string>PBXFileReference</string>
			<key>lastKnownFileType</key>
			<string>sourcecode.c.objc</string>
			<key>name</key>
			<string>ActivityCardCollectionViewCell.m</string>
			<key>path</key>
			<string>EggplantButton/ActivityCardCollectionViewCell.m</string>
			<key>sourceTree</key>
			<string>&lt;group&gt;</string>
		</dict>
		<key>9A33839B1CBC5416004B8EFE</key>
		<dict>
			<key>fileRef</key>
			<string>9A3383981CBC5416004B8EFE</string>
			<key>isa</key>
			<string>PBXBuildFile</string>
		</dict>
		<key>9A5AEC301CBF476B009F2BEA</key>
		<dict>
			<key>fileEncoding</key>
			<string>4</string>
			<key>isa</key>
			<string>PBXFileReference</string>
			<key>lastKnownFileType</key>
			<string>sourcecode.c.h</string>
			<key>path</key>
			<string>UserProfileViewController.h</string>
			<key>sourceTree</key>
			<string>&lt;group&gt;</string>
		</dict>
		<key>9A5AEC311CBF476B009F2BEA</key>
		<dict>
			<key>fileEncoding</key>
			<string>4</string>
			<key>isa</key>
			<string>PBXFileReference</string>
			<key>lastKnownFileType</key>
			<string>sourcecode.c.objc</string>
			<key>path</key>
			<string>UserProfileViewController.m</string>
			<key>sourceTree</key>
			<string>&lt;group&gt;</string>
		</dict>
		<key>9A5AEC321CBF476B009F2BEA</key>
		<dict>
			<key>fileRef</key>
			<string>9A5AEC311CBF476B009F2BEA</string>
			<key>isa</key>
			<string>PBXBuildFile</string>
		</dict>
		<key>9A5AEC331CBF4795009F2BEA</key>
		<dict>
			<key>fileEncoding</key>
			<string>4</string>
			<key>isa</key>
			<string>PBXFileReference</string>
			<key>lastKnownFileType</key>
			<string>file.storyboard</string>
			<key>path</key>
			<string>UserProfile.storyboard</string>
			<key>sourceTree</key>
			<string>&lt;group&gt;</string>
		</dict>
		<key>9A5AEC341CBF4795009F2BEA</key>
		<dict>
			<key>fileRef</key>
			<string>9A5AEC331CBF4795009F2BEA</string>
			<key>isa</key>
			<string>PBXBuildFile</string>
		</dict>
		<key>9A74DC511CBF391900B63B0B</key>
		<dict>
			<key>fileEncoding</key>
			<string>4</string>
			<key>isa</key>
			<string>PBXFileReference</string>
			<key>lastKnownFileType</key>
			<string>file.storyboard</string>
			<key>path</key>
			<string>FilterView.storyboard</string>
			<key>sourceTree</key>
			<string>&lt;group&gt;</string>
		</dict>
		<key>9A74DC521CBF391900B63B0B</key>
		<dict>
			<key>fileRef</key>
			<string>9A74DC511CBF391900B63B0B</string>
			<key>isa</key>
			<string>PBXBuildFile</string>
		</dict>
		<key>9A74DC531CBF39E600B63B0B</key>
		<dict>
			<key>fileEncoding</key>
			<string>4</string>
			<key>isa</key>
			<string>PBXFileReference</string>
			<key>lastKnownFileType</key>
			<string>sourcecode.c.h</string>
			<key>path</key>
			<string>FilterViewController.h</string>
			<key>sourceTree</key>
			<string>&lt;group&gt;</string>
		</dict>
		<key>9A74DC541CBF39E600B63B0B</key>
		<dict>
			<key>fileEncoding</key>
			<string>4</string>
			<key>isa</key>
			<string>PBXFileReference</string>
			<key>lastKnownFileType</key>
			<string>sourcecode.c.objc</string>
			<key>path</key>
			<string>FilterViewController.m</string>
			<key>sourceTree</key>
			<string>&lt;group&gt;</string>
		</dict>
		<key>9A74DC551CBF39E600B63B0B</key>
		<dict>
			<key>fileRef</key>
			<string>9A74DC541CBF39E600B63B0B</string>
			<key>isa</key>
			<string>PBXBuildFile</string>
		</dict>
		<key>9A8C88881CC44D710053EC00</key>
		<dict>
			<key>fileEncoding</key>
			<string>4</string>
			<key>isa</key>
			<string>PBXFileReference</string>
			<key>lastKnownFileType</key>
			<string>sourcecode.c.h</string>
			<key>path</key>
			<string>FoursquareAPIClient.h</string>
			<key>sourceTree</key>
			<string>&lt;group&gt;</string>
		</dict>
		<key>9A8C88891CC44D710053EC00</key>
		<dict>
			<key>fileEncoding</key>
			<string>4</string>
			<key>isa</key>
			<string>PBXFileReference</string>
			<key>lastKnownFileType</key>
			<string>sourcecode.c.objc</string>
			<key>path</key>
			<string>FoursquareAPIClient.m</string>
			<key>sourceTree</key>
			<string>&lt;group&gt;</string>
		</dict>
		<key>9A8C888A1CC44D710053EC00</key>
		<dict>
			<key>fileRef</key>
			<string>9A8C88891CC44D710053EC00</string>
			<key>isa</key>
			<string>PBXBuildFile</string>
		</dict>
		<key>9AA058781CAEAA57000A6AA8</key>
		<dict>
			<key>fileEncoding</key>
			<string>4</string>
			<key>isa</key>
			<string>PBXFileReference</string>
			<key>lastKnownFileType</key>
			<string>file.xib</string>
			<key>name</key>
			<string>ActivityCard.xib</string>
			<key>path</key>
			<string>EggplantButton/ActivityCard.xib</string>
			<key>sourceTree</key>
			<string>&lt;group&gt;</string>
		</dict>
		<key>9AA058791CAEAA57000A6AA8</key>
		<dict>
			<key>fileRef</key>
			<string>9AA058781CAEAA57000A6AA8</string>
			<key>isa</key>
			<string>PBXBuildFile</string>
		</dict>
		<key>9AA726E61CD93E8C00E1F91E</key>
		<dict>
			<key>fileEncoding</key>
			<string>4</string>
			<key>isa</key>
			<string>PBXFileReference</string>
			<key>lastKnownFileType</key>
			<string>sourcecode.c.h</string>
			<key>path</key>
			<string>TableHeader.h</string>
			<key>sourceTree</key>
			<string>&lt;group&gt;</string>
		</dict>
		<key>9AA726E71CD93E8C00E1F91E</key>
		<dict>
			<key>fileEncoding</key>
			<string>4</string>
			<key>isa</key>
			<string>PBXFileReference</string>
			<key>lastKnownFileType</key>
			<string>sourcecode.c.objc</string>
			<key>path</key>
			<string>TableHeader.m</string>
			<key>sourceTree</key>
			<string>&lt;group&gt;</string>
		</dict>
		<key>9AA726E81CD93E8C00E1F91E</key>
		<dict>
			<key>fileRef</key>
			<string>9AA726E71CD93E8C00E1F91E</string>
			<key>isa</key>
			<string>PBXBuildFile</string>
		</dict>
		<key>9AA726E91CD93E9C00E1F91E</key>
		<dict>
			<key>fileEncoding</key>
			<string>4</string>
			<key>isa</key>
			<string>PBXFileReference</string>
			<key>lastKnownFileType</key>
			<string>file.xib</string>
			<key>path</key>
			<string>TableHeader.xib</string>
			<key>sourceTree</key>
			<string>&lt;group&gt;</string>
		</dict>
		<key>9AA726EA1CD93E9C00E1F91E</key>
		<dict>
			<key>fileRef</key>
			<string>9AA726E91CD93E9C00E1F91E</string>
			<key>isa</key>
			<string>PBXBuildFile</string>
		</dict>
		<key>9AB65BBB1CBD95E4008A99CF</key>
		<dict>
			<key>fileEncoding</key>
			<string>4</string>
			<key>isa</key>
			<string>PBXFileReference</string>
			<key>lastKnownFileType</key>
			<string>file.storyboard</string>
			<key>path</key>
			<string>Login.storyboard</string>
			<key>sourceTree</key>
			<string>&lt;group&gt;</string>
		</dict>
		<key>9ACC8C161CBD398E00909704</key>
		<dict>
			<key>fileEncoding</key>
			<string>4</string>
			<key>isa</key>
			<string>PBXFileReference</string>
			<key>lastKnownFileType</key>
			<string>file.storyboard</string>
			<key>path</key>
			<string>DetailView.storyboard</string>
			<key>sourceTree</key>
			<string>&lt;group&gt;</string>
		</dict>
		<key>9ACC8C171CBD398E00909704</key>
		<dict>
			<key>fileRef</key>
			<string>9ACC8C161CBD398E00909704</string>
			<key>isa</key>
			<string>PBXBuildFile</string>
		</dict>
		<key>9ACC8C181CBD399800909704</key>
		<dict>
			<key>fileEncoding</key>
			<string>4</string>
			<key>isa</key>
			<string>PBXFileReference</string>
			<key>lastKnownFileType</key>
			<string>sourcecode.c.h</string>
			<key>path</key>
			<string>DetailViewController.h</string>
			<key>sourceTree</key>
			<string>&lt;group&gt;</string>
		</dict>
		<key>9ACC8C191CBD399800909704</key>
		<dict>
			<key>fileEncoding</key>
			<string>4</string>
			<key>isa</key>
			<string>PBXFileReference</string>
			<key>lastKnownFileType</key>
			<string>sourcecode.c.objc</string>
			<key>path</key>
			<string>DetailViewController.m</string>
			<key>sourceTree</key>
			<string>&lt;group&gt;</string>
		</dict>
		<key>9ACC8C1A1CBD399800909704</key>
		<dict>
			<key>fileRef</key>
			<string>9ACC8C191CBD399800909704</string>
			<key>isa</key>
			<string>PBXBuildFile</string>
		</dict>
		<key>BE1F8E56031E4A3E26F2D345</key>
		<dict>
			<key>buildActionMask</key>
			<string>2147483647</string>
			<key>files</key>
			<array/>
			<key>inputPaths</key>
			<array/>
			<key>isa</key>
			<string>PBXShellScriptBuildPhase</string>
			<key>name</key>
			<string>Embed Pods Frameworks</string>
			<key>outputPaths</key>
			<array/>
			<key>runOnlyForDeploymentPostprocessing</key>
			<string>0</string>
			<key>shellPath</key>
			<string>/bin/sh</string>
			<key>shellScript</key>
			<string>"${SRCROOT}/Pods/Target Support Files/Pods-EasyOut/Pods-EasyOut-frameworks.sh"
</string>
			<key>showEnvVarsInLog</key>
			<string>0</string>
		</dict>
		<key>D03BCDC2BCFE4F0C6C8F9E65</key>
		<dict>
			<key>children</key>
			<array>
				<string>478A5D5E5340BA05712F05CE</string>
				<string>5B0FD8E68B26336D4AE48A9A</string>
				<string>99B7F8078F0F3BAC0B862B71</string>
				<string>1A23E0232DBBF2C8F43C2149</string>
			</array>
			<key>isa</key>
			<string>PBXGroup</string>
			<key>name</key>
			<string>Pods</string>
			<key>sourceTree</key>
			<string>&lt;group&gt;</string>
		</dict>
		<key>F4E25B66C8B63CDBD782D4CB</key>
		<dict>
			<key>fileRef</key>
			<string>F61332334E4FCAE904AD1FDF</string>
			<key>isa</key>
			<string>PBXBuildFile</string>
		</dict>
		<key>F61332334E4FCAE904AD1FDF</key>
		<dict>
			<key>explicitFileType</key>
			<string>wrapper.framework</string>
			<key>includeInIndex</key>
			<string>0</string>
			<key>isa</key>
			<string>PBXFileReference</string>
			<key>path</key>
			<string>Pods_EasyOut.framework</string>
			<key>sourceTree</key>
			<string>BUILT_PRODUCTS_DIR</string>
		</dict>
	</dict>
	<key>rootObject</key>
	<string>4C9A03701CAB064200CA9A02</string>
</dict>
</plist>
