// !$*UTF8*$!
{
	archiveVersion = 1;
	classes = {
	};
	objectVersion = 46;
	objects = {

/* Begin PBXBuildFile section */
		0A05A4EB1CB438AD00EF83CD /* TicketMasterAPIClient.m in Sources */ = {isa = PBXBuildFile; fileRef = 0A05A4E61CB438AD00EF83CD /* TicketMasterAPIClient.m */; };
		4C02D1E11CB6E72C0031F978 /* User.m in Sources */ = {isa = PBXBuildFile; fileRef = 4C02D1E01CB6E72C0031F978 /* User.m */; };
		4C02D1E41CB6E8A00031F978 /* Itinerary.m in Sources */ = {isa = PBXBuildFile; fileRef = 4C02D1E31CB6E8A00031F978 /* Itinerary.m */; };
		4C02D1E71CB6EDD40031F978 /* Photo.m in Sources */ = {isa = PBXBuildFile; fileRef = 4C02D1E61CB6EDD40031F978 /* Photo.m */; };
		4C0EE1531CBDA0930092C39A /* ItineraryHistoryView.storyboard in Resources */ = {isa = PBXBuildFile; fileRef = 4C0EE1521CBDA0930092C39A /* ItineraryHistoryView.storyboard */; };
		4C0EE1561CBDA2D60092C39A /* ItineraryTableViewController.m in Sources */ = {isa = PBXBuildFile; fileRef = 4C0EE1551CBDA2D60092C39A /* ItineraryTableViewController.m */; };
		4C0EE1591CBDA2E70092C39A /* ItineraryHistoryTableViewController.m in Sources */ = {isa = PBXBuildFile; fileRef = 4C0EE1581CBDA2E70092C39A /* ItineraryHistoryTableViewController.m */; };
		4C1DE15F1CB8410900AFBCF5 /* LobsterTwo-Bold.otf in Resources */ = {isa = PBXBuildFile; fileRef = 4C1DE15A1CB83E5000AFBCF5 /* LobsterTwo-Bold.otf */; };
		4C1DE1601CB8410900AFBCF5 /* LobsterTwo-BoldItalic.otf in Resources */ = {isa = PBXBuildFile; fileRef = 4C1DE15B1CB83E5000AFBCF5 /* LobsterTwo-BoldItalic.otf */; };
		4C1DE1611CB8410900AFBCF5 /* LobsterTwo-Italic.otf in Resources */ = {isa = PBXBuildFile; fileRef = 4C1DE15C1CB83E5000AFBCF5 /* LobsterTwo-Italic.otf */; };
		4C1DE1621CB8410900AFBCF5 /* LobsterTwo-Regular.otf in Resources */ = {isa = PBXBuildFile; fileRef = 4C1DE15D1CB83E5000AFBCF5 /* LobsterTwo-Regular.otf */; };
		4C270CA81CAB08A2003E0195 /* Secrets.m in Sources */ = {isa = PBXBuildFile; fileRef = 4C270CA71CAB08A2003E0195 /* Secrets.m */; };
		4C358D381CAD62CE00257756 /* CardViewController.m in Sources */ = {isa = PBXBuildFile; fileRef = 4C358D371CAD62CE00257756 /* CardViewController.m */; };
		4C358D731CADCDF700257756 /* ActivityCardView.m in Sources */ = {isa = PBXBuildFile; fileRef = 4C358D721CADCDF700257756 /* ActivityCardView.m */; };
		4C433C031CB9539C00059C92 /* Activity.m in Sources */ = {isa = PBXBuildFile; fileRef = 4C433C021CB9539C00059C92 /* Activity.m */; };
		4C64EC341CBAA6BB00FB3A45 /* ActivitiesDataStore.m in Sources */ = {isa = PBXBuildFile; fileRef = 4C64EC331CBAA6BB00FB3A45 /* ActivitiesDataStore.m */; };
		4C64EC441CBAA78200FB3A45 /* CreateAccountViewController.m in Sources */ = {isa = PBXBuildFile; fileRef = 4C64EC3C1CBAA78200FB3A45 /* CreateAccountViewController.m */; };
		4C64EC451CBAA78200FB3A45 /* EggplantButton.xcdatamodeld in Sources */ = {isa = PBXBuildFile; fileRef = 4C64EC3D1CBAA78200FB3A45 /* EggplantButton.xcdatamodeld */; };
		4C64EC461CBAA78200FB3A45 /* Event.m in Sources */ = {isa = PBXBuildFile; fileRef = 4C64EC401CBAA78200FB3A45 /* Event.m */; };
		4C64EC471CBAA78200FB3A45 /* ItineraryView.storyboard in Resources */ = {isa = PBXBuildFile; fileRef = 4C64EC411CBAA78200FB3A45 /* ItineraryView.storyboard */; };
		4C64EC481CBAA78200FB3A45 /* UserHistory.xcdatamodeld in Sources */ = {isa = PBXBuildFile; fileRef = 4C64EC421CBAA78200FB3A45 /* UserHistory.xcdatamodeld */; };
		4C9A037D1CAB064200CA9A02 /* main.m in Sources */ = {isa = PBXBuildFile; fileRef = 4C9A037C1CAB064200CA9A02 /* main.m */; };
		4C9A03801CAB064200CA9A02 /* AppDelegate.m in Sources */ = {isa = PBXBuildFile; fileRef = 4C9A037F1CAB064200CA9A02 /* AppDelegate.m */; };
		4C9A038B1CAB064200CA9A02 /* Assets.xcassets in Resources */ = {isa = PBXBuildFile; fileRef = 4C9A038A1CAB064200CA9A02 /* Assets.xcassets */; };
		4C9A038E1CAB064200CA9A02 /* LaunchScreen.storyboard in Resources */ = {isa = PBXBuildFile; fileRef = 4C9A038C1CAB064200CA9A02 /* LaunchScreen.storyboard */; };
		4CAD0CC51CB568C4008162CE /* FirebaseIntegration.swift in Sources */ = {isa = PBXBuildFile; fileRef = 4CAD0CC41CB568C4008162CE /* FirebaseIntegration.swift */; };
		4CBBC5FB1CBA9618006683D8 /* Button.storyboard in Resources */ = {isa = PBXBuildFile; fileRef = 4CBBC5FA1CBA9618006683D8 /* Button.storyboard */; };
		4CBBC6041CBA96DF006683D8 /* AppViewController.m in Sources */ = {isa = PBXBuildFile; fileRef = 4CBBC5FD1CBA96DF006683D8 /* AppViewController.m */; };
		4CBBC6051CBA96DF006683D8 /* LogInViewController.m in Sources */ = {isa = PBXBuildFile; fileRef = 4CBBC5FF1CBA96DF006683D8 /* LogInViewController.m */; };
		4CBBC6061CBA96DF006683D8 /* setupButton.m in Sources */ = {isa = PBXBuildFile; fileRef = 4CBBC6011CBA96DF006683D8 /* setupButton.m */; };
		4CBBC6091CBA97B0006683D8 /* Main.storyboard in Resources */ = {isa = PBXBuildFile; fileRef = 4CBBC6081CBA97B0006683D8 /* Main.storyboard */; };
		4CBBF0871CBBEE09005BB352 /* Tip.m in Sources */ = {isa = PBXBuildFile; fileRef = 4CBBF0861CBBEE09005BB352 /* Tip.m */; };
		752C207F8039FC0AF3F24A9C /* Pods_EggplantButton.framework in Frameworks */ = {isa = PBXBuildFile; fileRef = 620C2EAF950D8ACD2F96FDC8 /* Pods_EggplantButton.framework */; };
		78A7F6C71CBD44AC00DD4937 /* CoreMotion.framework in Frameworks */ = {isa = PBXBuildFile; fileRef = 78A7F6C61CBD44AC00DD4937 /* CoreMotion.framework */; };
		78A7F6C91CBD44B500DD4937 /* GameKit.framework in Frameworks */ = {isa = PBXBuildFile; fileRef = 78A7F6C81CBD44B500DD4937 /* GameKit.framework */; };
		78A7F6CB1CBD44C500DD4937 /* GameplayKit.framework in Frameworks */ = {isa = PBXBuildFile; fileRef = 78A7F6CA1CBD44C500DD4937 /* GameplayKit.framework */; };
		78A7F6CD1CBDA1FC00DD4937 /* AudioToolbox.framework in Frameworks */ = {isa = PBXBuildFile; fileRef = 78A7F6CC1CBDA1FC00DD4937 /* AudioToolbox.framework */; };
		78A7F6D11CBEC2F800DD4937 /* sideMenu.storyboard in Resources */ = {isa = PBXBuildFile; fileRef = 78A7F6D01CBEC2F800DD4937 /* sideMenu.storyboard */; };
		78A7F6D41CBFFDAF00DD4937 /* sideMenuViewController.m in Sources */ = {isa = PBXBuildFile; fileRef = 78A7F6D31CBFFDAF00DD4937 /* sideMenuViewController.m */; };
		9A2478E61CAC2EFA00865C6A /* OpenTableAPIClient.m in Sources */ = {isa = PBXBuildFile; fileRef = 9A2478E51CAC2EFA00865C6A /* OpenTableAPIClient.m */; };
		9A33839B1CBC5416004B8EFE /* ActivityCardCollectionViewCell.m in Sources */ = {isa = PBXBuildFile; fileRef = 9A3383981CBC5416004B8EFE /* ActivityCardCollectionViewCell.m */; };
		9A33839C1CBC5416004B8EFE /* RestaurantDataStore.m in Sources */ = {isa = PBXBuildFile; fileRef = 9A33839A1CBC5416004B8EFE /* RestaurantDataStore.m */; };
		9A5616B51CAC68AE008D9264 /* Restaurant.m in Sources */ = {isa = PBXBuildFile; fileRef = 9A5616B41CAC68AE008D9264 /* Restaurant.m */; };
		9A5AEC321CBF476B009F2BEA /* UserProfileViewController.m in Sources */ = {isa = PBXBuildFile; fileRef = 9A5AEC311CBF476B009F2BEA /* UserProfileViewController.m */; };
		9A5AEC341CBF4795009F2BEA /* UserProfile.storyboard in Resources */ = {isa = PBXBuildFile; fileRef = 9A5AEC331CBF4795009F2BEA /* UserProfile.storyboard */; };
		9A74DC521CBF391900B63B0B /* FilterView.storyboard in Resources */ = {isa = PBXBuildFile; fileRef = 9A74DC511CBF391900B63B0B /* FilterView.storyboard */; };
		9A74DC551CBF39E600B63B0B /* FilterViewController.m in Sources */ = {isa = PBXBuildFile; fileRef = 9A74DC541CBF39E600B63B0B /* FilterViewController.m */; };
		9AA058791CAEAA57000A6AA8 /* ActivityCard.xib in Resources */ = {isa = PBXBuildFile; fileRef = 9AA058781CAEAA57000A6AA8 /* ActivityCard.xib */; };
		9AB65BBC1CBD95E4008A99CF /* Login.storyboard in Resources */ = {isa = PBXBuildFile; fileRef = 9AB65BBB1CBD95E4008A99CF /* Login.storyboard */; };
		9ACC8C151CBD374600909704 /* nyc_restaurants.plist in Resources */ = {isa = PBXBuildFile; fileRef = 9ACC8C141CBD374600909704 /* nyc_restaurants.plist */; };
		9ACC8C171CBD398E00909704 /* DetailView.storyboard in Resources */ = {isa = PBXBuildFile; fileRef = 9ACC8C161CBD398E00909704 /* DetailView.storyboard */; };
		9ACC8C1A1CBD399800909704 /* DetailViewController.m in Sources */ = {isa = PBXBuildFile; fileRef = 9ACC8C191CBD399800909704 /* DetailViewController.m */; };
/* End PBXBuildFile section */

/* Begin PBXFileReference section */
		0A05A4E51CB438AD00EF83CD /* TicketMasterAPIClient.h */ = {isa = PBXFileReference; fileEncoding = 4; lastKnownFileType = sourcecode.c.h; path = TicketMasterAPIClient.h; sourceTree = "<group>"; };
		0A05A4E61CB438AD00EF83CD /* TicketMasterAPIClient.m */ = {isa = PBXFileReference; fileEncoding = 4; lastKnownFileType = sourcecode.c.objc; path = TicketMasterAPIClient.m; sourceTree = "<group>"; };

		0A1DFA8B1CBBF21B0071EEDB /* CreateAccountStoryBoard.storyboard */ = {isa = PBXFileReference; fileEncoding = 4; lastKnownFileType = file.storyboard; path = CreateAccountStoryBoard.storyboard; sourceTree = "<group>"; };
		0AD3650C1CBD43C000DD3617 /* Login.storyboard */ = {isa = PBXFileReference; fileEncoding = 4; lastKnownFileType = file.storyboard; path = Login.storyboard; sourceTree = "<group>"; };

		478A5D5E5340BA05712F05CE /* Pods-EggplantButton.debug.xcconfig */ = {isa = PBXFileReference; includeInIndex = 1; lastKnownFileType = text.xcconfig; name = "Pods-EggplantButton.debug.xcconfig"; path = "Pods/Target Support Files/Pods-EggplantButton/Pods-EggplantButton.debug.xcconfig"; sourceTree = "<group>"; };
		4C02D1DF1CB6E72C0031F978 /* User.h */ = {isa = PBXFileReference; fileEncoding = 4; lastKnownFileType = sourcecode.c.h; name = User.h; path = EggplantButton/User.h; sourceTree = "<group>"; };
		4C02D1E01CB6E72C0031F978 /* User.m */ = {isa = PBXFileReference; fileEncoding = 4; lastKnownFileType = sourcecode.c.objc; name = User.m; path = EggplantButton/User.m; sourceTree = "<group>"; };
		4C02D1E21CB6E8A00031F978 /* Itinerary.h */ = {isa = PBXFileReference; fileEncoding = 4; lastKnownFileType = sourcecode.c.h; name = Itinerary.h; path = EggplantButton/Itinerary.h; sourceTree = "<group>"; };
		4C02D1E31CB6E8A00031F978 /* Itinerary.m */ = {isa = PBXFileReference; fileEncoding = 4; lastKnownFileType = sourcecode.c.objc; name = Itinerary.m; path = EggplantButton/Itinerary.m; sourceTree = "<group>"; };
		4C02D1E51CB6EDD40031F978 /* Photo.h */ = {isa = PBXFileReference; fileEncoding = 4; lastKnownFileType = sourcecode.c.h; name = Photo.h; path = EggplantButton/Photo.h; sourceTree = "<group>"; };
		4C02D1E61CB6EDD40031F978 /* Photo.m */ = {isa = PBXFileReference; fileEncoding = 4; lastKnownFileType = sourcecode.c.objc; name = Photo.m; path = EggplantButton/Photo.m; sourceTree = "<group>"; };
		4C0EE1521CBDA0930092C39A /* ItineraryHistoryView.storyboard */ = {isa = PBXFileReference; fileEncoding = 4; lastKnownFileType = file.storyboard; path = ItineraryHistoryView.storyboard; sourceTree = "<group>"; };
		4C0EE1541CBDA2D60092C39A /* ItineraryTableViewController.h */ = {isa = PBXFileReference; fileEncoding = 4; lastKnownFileType = sourcecode.c.h; path = ItineraryTableViewController.h; sourceTree = "<group>"; };
		4C0EE1551CBDA2D60092C39A /* ItineraryTableViewController.m */ = {isa = PBXFileReference; fileEncoding = 4; lastKnownFileType = sourcecode.c.objc; path = ItineraryTableViewController.m; sourceTree = "<group>"; };
		4C0EE1571CBDA2E70092C39A /* ItineraryHistoryTableViewController.h */ = {isa = PBXFileReference; fileEncoding = 4; lastKnownFileType = sourcecode.c.h; path = ItineraryHistoryTableViewController.h; sourceTree = "<group>"; };
		4C0EE1581CBDA2E70092C39A /* ItineraryHistoryTableViewController.m */ = {isa = PBXFileReference; fileEncoding = 4; lastKnownFileType = sourcecode.c.objc; path = ItineraryHistoryTableViewController.m; sourceTree = "<group>"; };
		4C1DE15A1CB83E5000AFBCF5 /* LobsterTwo-Bold.otf */ = {isa = PBXFileReference; lastKnownFileType = file; name = "LobsterTwo-Bold.otf"; path = "EggplantButton/LobsterTwo-Bold.otf"; sourceTree = "<group>"; };
		4C1DE15B1CB83E5000AFBCF5 /* LobsterTwo-BoldItalic.otf */ = {isa = PBXFileReference; lastKnownFileType = file; name = "LobsterTwo-BoldItalic.otf"; path = "EggplantButton/LobsterTwo-BoldItalic.otf"; sourceTree = "<group>"; };
		4C1DE15C1CB83E5000AFBCF5 /* LobsterTwo-Italic.otf */ = {isa = PBXFileReference; lastKnownFileType = file; name = "LobsterTwo-Italic.otf"; path = "EggplantButton/LobsterTwo-Italic.otf"; sourceTree = "<group>"; };
		4C1DE15D1CB83E5000AFBCF5 /* LobsterTwo-Regular.otf */ = {isa = PBXFileReference; lastKnownFileType = file; name = "LobsterTwo-Regular.otf"; path = "EggplantButton/LobsterTwo-Regular.otf"; sourceTree = "<group>"; };
		4C270CA61CAB08A2003E0195 /* Secrets.h */ = {isa = PBXFileReference; fileEncoding = 4; lastKnownFileType = sourcecode.c.h; path = Secrets.h; sourceTree = "<group>"; };
		4C270CA71CAB08A2003E0195 /* Secrets.m */ = {isa = PBXFileReference; fileEncoding = 4; lastKnownFileType = sourcecode.c.objc; path = Secrets.m; sourceTree = "<group>"; };
		4C358D361CAD62CE00257756 /* CardViewController.h */ = {isa = PBXFileReference; fileEncoding = 4; lastKnownFileType = sourcecode.c.h; path = CardViewController.h; sourceTree = "<group>"; };
		4C358D371CAD62CE00257756 /* CardViewController.m */ = {isa = PBXFileReference; fileEncoding = 4; lastKnownFileType = sourcecode.c.objc; path = CardViewController.m; sourceTree = "<group>"; };
		4C358D711CADCDF700257756 /* ActivityCardView.h */ = {isa = PBXFileReference; fileEncoding = 4; lastKnownFileType = sourcecode.c.h; name = ActivityCardView.h; path = EggplantButton/ActivityCardView.h; sourceTree = "<group>"; };
		4C358D721CADCDF700257756 /* ActivityCardView.m */ = {isa = PBXFileReference; fileEncoding = 4; lastKnownFileType = sourcecode.c.objc; name = ActivityCardView.m; path = EggplantButton/ActivityCardView.m; sourceTree = "<group>"; };
		4C433C011CB9539C00059C92 /* Activity.h */ = {isa = PBXFileReference; fileEncoding = 4; lastKnownFileType = sourcecode.c.h; name = Activity.h; path = EggplantButton/Activity.h; sourceTree = "<group>"; };
		4C433C021CB9539C00059C92 /* Activity.m */ = {isa = PBXFileReference; fileEncoding = 4; lastKnownFileType = sourcecode.c.objc; name = Activity.m; path = EggplantButton/Activity.m; sourceTree = "<group>"; };
		4C64EC321CBAA6BB00FB3A45 /* ActivitiesDataStore.h */ = {isa = PBXFileReference; fileEncoding = 4; lastKnownFileType = sourcecode.c.h; path = ActivitiesDataStore.h; sourceTree = "<group>"; };
		4C64EC331CBAA6BB00FB3A45 /* ActivitiesDataStore.m */ = {isa = PBXFileReference; fileEncoding = 4; lastKnownFileType = sourcecode.c.objc; path = ActivitiesDataStore.m; sourceTree = "<group>"; };
		4C64EC3B1CBAA78200FB3A45 /* CreateAccountViewController.h */ = {isa = PBXFileReference; fileEncoding = 4; lastKnownFileType = sourcecode.c.h; path = CreateAccountViewController.h; sourceTree = "<group>"; };
		4C64EC3C1CBAA78200FB3A45 /* CreateAccountViewController.m */ = {isa = PBXFileReference; fileEncoding = 4; lastKnownFileType = sourcecode.c.objc; path = CreateAccountViewController.m; sourceTree = "<group>"; };
		4C64EC3E1CBAA78200FB3A45 /* EggplantButton.xcdatamodel */ = {isa = PBXFileReference; lastKnownFileType = wrapper.xcdatamodel; path = EggplantButton.xcdatamodel; sourceTree = "<group>"; };
		4C64EC3F1CBAA78200FB3A45 /* Event.h */ = {isa = PBXFileReference; fileEncoding = 4; lastKnownFileType = sourcecode.c.h; name = Event.h; path = EggplantButton/Event.h; sourceTree = "<group>"; };
		4C64EC401CBAA78200FB3A45 /* Event.m */ = {isa = PBXFileReference; fileEncoding = 4; lastKnownFileType = sourcecode.c.objc; name = Event.m; path = EggplantButton/Event.m; sourceTree = "<group>"; };
		4C64EC411CBAA78200FB3A45 /* ItineraryView.storyboard */ = {isa = PBXFileReference; fileEncoding = 4; lastKnownFileType = file.storyboard; path = ItineraryView.storyboard; sourceTree = "<group>"; };
		4C64EC431CBAA78200FB3A45 /* UserHistory.xcdatamodel */ = {isa = PBXFileReference; lastKnownFileType = wrapper.xcdatamodel; path = UserHistory.xcdatamodel; sourceTree = "<group>"; };
		4C9A03781CAB064200CA9A02 /* EggplantButton.app */ = {isa = PBXFileReference; explicitFileType = wrapper.application; includeInIndex = 0; path = EggplantButton.app; sourceTree = BUILT_PRODUCTS_DIR; };
		4C9A037C1CAB064200CA9A02 /* main.m */ = {isa = PBXFileReference; lastKnownFileType = sourcecode.c.objc; path = main.m; sourceTree = "<group>"; };
		4C9A037E1CAB064200CA9A02 /* AppDelegate.h */ = {isa = PBXFileReference; lastKnownFileType = sourcecode.c.h; path = AppDelegate.h; sourceTree = "<group>"; };
		4C9A037F1CAB064200CA9A02 /* AppDelegate.m */ = {isa = PBXFileReference; lastKnownFileType = sourcecode.c.objc; path = AppDelegate.m; sourceTree = "<group>"; };
		4C9A038A1CAB064200CA9A02 /* Assets.xcassets */ = {isa = PBXFileReference; lastKnownFileType = folder.assetcatalog; path = Assets.xcassets; sourceTree = "<group>"; };
		4C9A038D1CAB064200CA9A02 /* Base */ = {isa = PBXFileReference; lastKnownFileType = file.storyboard; name = Base; path = Base.lproj/LaunchScreen.storyboard; sourceTree = "<group>"; };
		4C9A038F1CAB064200CA9A02 /* Info.plist */ = {isa = PBXFileReference; lastKnownFileType = text.plist.xml; path = Info.plist; sourceTree = "<group>"; };
		4CAD0CBF1CB56574008162CE /* EggplantButton-Bridging-Header.h */ = {isa = PBXFileReference; lastKnownFileType = sourcecode.c.h; path = "EggplantButton-Bridging-Header.h"; sourceTree = "<group>"; };
		4CAD0CC41CB568C4008162CE /* FirebaseIntegration.swift */ = {isa = PBXFileReference; fileEncoding = 4; lastKnownFileType = sourcecode.swift; name = FirebaseIntegration.swift; path = EggplantButton/FirebaseIntegration.swift; sourceTree = "<group>"; };
		4CBBC5FA1CBA9618006683D8 /* Button.storyboard */ = {isa = PBXFileReference; fileEncoding = 4; lastKnownFileType = file.storyboard; path = Button.storyboard; sourceTree = "<group>"; };
		4CBBC5FC1CBA96DF006683D8 /* AppViewController.h */ = {isa = PBXFileReference; fileEncoding = 4; lastKnownFileType = sourcecode.c.h; path = AppViewController.h; sourceTree = "<group>"; };
		4CBBC5FD1CBA96DF006683D8 /* AppViewController.m */ = {isa = PBXFileReference; fileEncoding = 4; lastKnownFileType = sourcecode.c.objc; path = AppViewController.m; sourceTree = "<group>"; };
		4CBBC5FE1CBA96DF006683D8 /* LogInViewController.h */ = {isa = PBXFileReference; fileEncoding = 4; lastKnownFileType = sourcecode.c.h; path = LogInViewController.h; sourceTree = "<group>"; };
		4CBBC5FF1CBA96DF006683D8 /* LogInViewController.m */ = {isa = PBXFileReference; fileEncoding = 4; lastKnownFileType = sourcecode.c.objc; path = LogInViewController.m; sourceTree = "<group>"; };
		4CBBC6001CBA96DF006683D8 /* setupButton.h */ = {isa = PBXFileReference; fileEncoding = 4; lastKnownFileType = sourcecode.c.h; path = setupButton.h; sourceTree = "<group>"; };
		4CBBC6011CBA96DF006683D8 /* setupButton.m */ = {isa = PBXFileReference; fileEncoding = 4; lastKnownFileType = sourcecode.c.objc; path = setupButton.m; sourceTree = "<group>"; };
		4CBBC6081CBA97B0006683D8 /* Main.storyboard */ = {isa = PBXFileReference; fileEncoding = 4; lastKnownFileType = file.storyboard; path = Main.storyboard; sourceTree = "<group>"; };
		4CBBF0851CBBEE09005BB352 /* Tip.h */ = {isa = PBXFileReference; fileEncoding = 4; lastKnownFileType = sourcecode.c.h; name = Tip.h; path = EggplantButton/Tip.h; sourceTree = "<group>"; };
		4CBBF0861CBBEE09005BB352 /* Tip.m */ = {isa = PBXFileReference; fileEncoding = 4; lastKnownFileType = sourcecode.c.objc; name = Tip.m; path = EggplantButton/Tip.m; sourceTree = "<group>"; };
		5B0FD8E68B26336D4AE48A9A /* Pods-EggplantButton.release.xcconfig */ = {isa = PBXFileReference; includeInIndex = 1; lastKnownFileType = text.xcconfig; name = "Pods-EggplantButton.release.xcconfig"; path = "Pods/Target Support Files/Pods-EggplantButton/Pods-EggplantButton.release.xcconfig"; sourceTree = "<group>"; };
		620C2EAF950D8ACD2F96FDC8 /* Pods_EggplantButton.framework */ = {isa = PBXFileReference; explicitFileType = wrapper.framework; includeInIndex = 0; path = Pods_EggplantButton.framework; sourceTree = BUILT_PRODUCTS_DIR; };
		78A7F6C61CBD44AC00DD4937 /* CoreMotion.framework */ = {isa = PBXFileReference; lastKnownFileType = wrapper.framework; name = CoreMotion.framework; path = System/Library/Frameworks/CoreMotion.framework; sourceTree = SDKROOT; };
		78A7F6C81CBD44B500DD4937 /* GameKit.framework */ = {isa = PBXFileReference; lastKnownFileType = wrapper.framework; name = GameKit.framework; path = System/Library/Frameworks/GameKit.framework; sourceTree = SDKROOT; };
		78A7F6CA1CBD44C500DD4937 /* GameplayKit.framework */ = {isa = PBXFileReference; lastKnownFileType = wrapper.framework; name = GameplayKit.framework; path = System/Library/Frameworks/GameplayKit.framework; sourceTree = SDKROOT; };
		78A7F6CC1CBDA1FC00DD4937 /* AudioToolbox.framework */ = {isa = PBXFileReference; lastKnownFileType = wrapper.framework; name = AudioToolbox.framework; path = System/Library/Frameworks/AudioToolbox.framework; sourceTree = SDKROOT; };
		78A7F6D01CBEC2F800DD4937 /* sideMenu.storyboard */ = {isa = PBXFileReference; fileEncoding = 4; lastKnownFileType = file.storyboard; path = sideMenu.storyboard; sourceTree = "<group>"; };
		78A7F6D21CBFFDAF00DD4937 /* sideMenuViewController.h */ = {isa = PBXFileReference; fileEncoding = 4; lastKnownFileType = sourcecode.c.h; path = sideMenuViewController.h; sourceTree = "<group>"; };
		78A7F6D31CBFFDAF00DD4937 /* sideMenuViewController.m */ = {isa = PBXFileReference; fileEncoding = 4; lastKnownFileType = sourcecode.c.objc; path = sideMenuViewController.m; sourceTree = "<group>"; };
		9A2478E41CAC2EFA00865C6A /* OpenTableAPIClient.h */ = {isa = PBXFileReference; fileEncoding = 4; lastKnownFileType = sourcecode.c.h; path = OpenTableAPIClient.h; sourceTree = "<group>"; };
		9A2478E51CAC2EFA00865C6A /* OpenTableAPIClient.m */ = {isa = PBXFileReference; fileEncoding = 4; lastKnownFileType = sourcecode.c.objc; path = OpenTableAPIClient.m; sourceTree = "<group>"; };
		9A3383971CBC5416004B8EFE /* ActivityCardCollectionViewCell.h */ = {isa = PBXFileReference; fileEncoding = 4; lastKnownFileType = sourcecode.c.h; name = ActivityCardCollectionViewCell.h; path = EggplantButton/ActivityCardCollectionViewCell.h; sourceTree = "<group>"; };
		9A3383981CBC5416004B8EFE /* ActivityCardCollectionViewCell.m */ = {isa = PBXFileReference; fileEncoding = 4; lastKnownFileType = sourcecode.c.objc; name = ActivityCardCollectionViewCell.m; path = EggplantButton/ActivityCardCollectionViewCell.m; sourceTree = "<group>"; };
		9A3383991CBC5416004B8EFE /* RestaurantDataStore.h */ = {isa = PBXFileReference; fileEncoding = 4; lastKnownFileType = sourcecode.c.h; path = RestaurantDataStore.h; sourceTree = "<group>"; };
		9A33839A1CBC5416004B8EFE /* RestaurantDataStore.m */ = {isa = PBXFileReference; fileEncoding = 4; lastKnownFileType = sourcecode.c.objc; path = RestaurantDataStore.m; sourceTree = "<group>"; };
		9A5616B31CAC68AE008D9264 /* Restaurant.h */ = {isa = PBXFileReference; fileEncoding = 4; lastKnownFileType = sourcecode.c.h; name = Restaurant.h; path = EggplantButton/Restaurant.h; sourceTree = "<group>"; };
		9A5616B41CAC68AE008D9264 /* Restaurant.m */ = {isa = PBXFileReference; fileEncoding = 4; lastKnownFileType = sourcecode.c.objc; name = Restaurant.m; path = EggplantButton/Restaurant.m; sourceTree = "<group>"; };
		9A5AEC301CBF476B009F2BEA /* UserProfileViewController.h */ = {isa = PBXFileReference; fileEncoding = 4; lastKnownFileType = sourcecode.c.h; path = UserProfileViewController.h; sourceTree = "<group>"; };
		9A5AEC311CBF476B009F2BEA /* UserProfileViewController.m */ = {isa = PBXFileReference; fileEncoding = 4; lastKnownFileType = sourcecode.c.objc; path = UserProfileViewController.m; sourceTree = "<group>"; };
		9A5AEC331CBF4795009F2BEA /* UserProfile.storyboard */ = {isa = PBXFileReference; fileEncoding = 4; lastKnownFileType = file.storyboard; path = UserProfile.storyboard; sourceTree = "<group>"; };
		9A74DC511CBF391900B63B0B /* FilterView.storyboard */ = {isa = PBXFileReference; fileEncoding = 4; lastKnownFileType = file.storyboard; path = FilterView.storyboard; sourceTree = "<group>"; };
		9A74DC531CBF39E600B63B0B /* FilterViewController.h */ = {isa = PBXFileReference; fileEncoding = 4; lastKnownFileType = sourcecode.c.h; path = FilterViewController.h; sourceTree = "<group>"; };
		9A74DC541CBF39E600B63B0B /* FilterViewController.m */ = {isa = PBXFileReference; fileEncoding = 4; lastKnownFileType = sourcecode.c.objc; path = FilterViewController.m; sourceTree = "<group>"; };
		9AA058781CAEAA57000A6AA8 /* ActivityCard.xib */ = {isa = PBXFileReference; fileEncoding = 4; lastKnownFileType = file.xib; name = ActivityCard.xib; path = EggplantButton/ActivityCard.xib; sourceTree = "<group>"; };
		9AB65BBB1CBD95E4008A99CF /* Login.storyboard */ = {isa = PBXFileReference; fileEncoding = 4; lastKnownFileType = file.storyboard; path = Login.storyboard; sourceTree = "<group>"; };
		9ACC8C141CBD374600909704 /* nyc_restaurants.plist */ = {isa = PBXFileReference; fileEncoding = 4; lastKnownFileType = text.plist.xml; path = nyc_restaurants.plist; sourceTree = "<group>"; };
		9ACC8C161CBD398E00909704 /* DetailView.storyboard */ = {isa = PBXFileReference; fileEncoding = 4; lastKnownFileType = file.storyboard; path = DetailView.storyboard; sourceTree = "<group>"; };
		9ACC8C181CBD399800909704 /* DetailViewController.h */ = {isa = PBXFileReference; fileEncoding = 4; lastKnownFileType = sourcecode.c.h; path = DetailViewController.h; sourceTree = "<group>"; };
		9ACC8C191CBD399800909704 /* DetailViewController.m */ = {isa = PBXFileReference; fileEncoding = 4; lastKnownFileType = sourcecode.c.objc; path = DetailViewController.m; sourceTree = "<group>"; };
/* End PBXFileReference section */

/* Begin PBXFrameworksBuildPhase section */
		4C9A03751CAB064200CA9A02 /* Frameworks */ = {
			isa = PBXFrameworksBuildPhase;
			buildActionMask = 2147483647;
			files = (
				78A7F6CD1CBDA1FC00DD4937 /* AudioToolbox.framework in Frameworks */,
				78A7F6CB1CBD44C500DD4937 /* GameplayKit.framework in Frameworks */,
				78A7F6C91CBD44B500DD4937 /* GameKit.framework in Frameworks */,
				78A7F6C71CBD44AC00DD4937 /* CoreMotion.framework in Frameworks */,
				752C207F8039FC0AF3F24A9C /* Pods_EggplantButton.framework in Frameworks */,
			);
			runOnlyForDeploymentPostprocessing = 0;
		};
/* End PBXFrameworksBuildPhase section */

/* Begin PBXGroup section */
		4C02D1D31CB6DD9F0031F978 /* Firebase */ = {
			isa = PBXGroup;
			children = (
				4CAD0CC41CB568C4008162CE /* FirebaseIntegration.swift */,
			);
			name = Firebase;
			path = ..;
			sourceTree = "<group>";
		};
		4C02D1DB1CB6E2E10031F978 /* View Controllers */ = {
			isa = PBXGroup;
			children = (
				9A5AEC301CBF476B009F2BEA /* UserProfileViewController.h */,
				9A5AEC311CBF476B009F2BEA /* UserProfileViewController.m */,
				9ACC8C181CBD399800909704 /* DetailViewController.h */,
				9ACC8C191CBD399800909704 /* DetailViewController.m */,
				4CBBC5FC1CBA96DF006683D8 /* AppViewController.h */,
				4CBBC5FD1CBA96DF006683D8 /* AppViewController.m */,
				4CBBC5FE1CBA96DF006683D8 /* LogInViewController.h */,
				4CBBC5FF1CBA96DF006683D8 /* LogInViewController.m */,
				4C64EC3B1CBAA78200FB3A45 /* CreateAccountViewController.h */,
				4C64EC3C1CBAA78200FB3A45 /* CreateAccountViewController.m */,
				4C0EE1541CBDA2D60092C39A /* ItineraryTableViewController.h */,
				4C0EE1551CBDA2D60092C39A /* ItineraryTableViewController.m */,
				4C0EE1571CBDA2E70092C39A /* ItineraryHistoryTableViewController.h */,
				4C0EE1581CBDA2E70092C39A /* ItineraryHistoryTableViewController.m */,
				4C358D361CAD62CE00257756 /* CardViewController.h */,
				4C358D371CAD62CE00257756 /* CardViewController.m */,

				78A7F6D21CBFFDAF00DD4937 /* sideMenuViewController.h */,
				78A7F6D31CBFFDAF00DD4937 /* sideMenuViewController.m */,

				9A74DC531CBF39E600B63B0B /* FilterViewController.h */,
				9A74DC541CBF39E600B63B0B /* FilterViewController.m */,

			);
			name = "View Controllers";
			sourceTree = "<group>";
		};
		4C02D1DC1CB6E2F40031F978 /* Models */ = {
			isa = PBXGroup;
			children = (
				4C64EC3F1CBAA78200FB3A45 /* Event.h */,
				4C64EC401CBAA78200FB3A45 /* Event.m */,
				4C433C011CB9539C00059C92 /* Activity.h */,
				4C433C021CB9539C00059C92 /* Activity.m */,
				4C02D1DF1CB6E72C0031F978 /* User.h */,
				4C02D1E01CB6E72C0031F978 /* User.m */,
				4C02D1E21CB6E8A00031F978 /* Itinerary.h */,
				4C02D1E31CB6E8A00031F978 /* Itinerary.m */,
				4C02D1E51CB6EDD40031F978 /* Photo.h */,
				4C02D1E61CB6EDD40031F978 /* Photo.m */,
				9A5616B31CAC68AE008D9264 /* Restaurant.h */,
				9A5616B41CAC68AE008D9264 /* Restaurant.m */,
				4CBBF0851CBBEE09005BB352 /* Tip.h */,
				4CBBF0861CBBEE09005BB352 /* Tip.m */,
			);
			name = Models;
			path = ..;
			sourceTree = "<group>";
		};
		4C1DE15E1CB83E5A00AFBCF5 /* Fonts */ = {
			isa = PBXGroup;
			children = (
				4C1DE15A1CB83E5000AFBCF5 /* LobsterTwo-Bold.otf */,
				4C1DE15B1CB83E5000AFBCF5 /* LobsterTwo-BoldItalic.otf */,
				4C1DE15C1CB83E5000AFBCF5 /* LobsterTwo-Italic.otf */,
				4C1DE15D1CB83E5000AFBCF5 /* LobsterTwo-Regular.otf */,
			);
			name = Fonts;
			path = ..;
			sourceTree = "<group>";
		};
		4C8E5A521CB74E4C005E1625 /* Views */ = {
			isa = PBXGroup;
			children = (
				9A3383971CBC5416004B8EFE /* ActivityCardCollectionViewCell.h */,
				9A3383981CBC5416004B8EFE /* ActivityCardCollectionViewCell.m */,
				9AA058781CAEAA57000A6AA8 /* ActivityCard.xib */,
				4C358D711CADCDF700257756 /* ActivityCardView.h */,
				4C358D721CADCDF700257756 /* ActivityCardView.m */,
			);
			name = Views;
			path = ..;
			sourceTree = "<group>";
		};
		4C9514C81CB44FC6009CF02A /* APIs */ = {
			isa = PBXGroup;
			children = (
				0A05A4E51CB438AD00EF83CD /* TicketMasterAPIClient.h */,
				0A05A4E61CB438AD00EF83CD /* TicketMasterAPIClient.m */,
				9A2478E41CAC2EFA00865C6A /* OpenTableAPIClient.h */,
				9A2478E51CAC2EFA00865C6A /* OpenTableAPIClient.m */,
			);
			name = APIs;
			sourceTree = "<group>";
		};
		4C9A036F1CAB064200CA9A02 = {
			isa = PBXGroup;
			children = (
				4C9A037A1CAB064200CA9A02 /* EggplantButton */,
				4C9A03791CAB064200CA9A02 /* Products */,
				D03BCDC2BCFE4F0C6C8F9E65 /* Pods */,
				4F35EC6547E403BF1EA8A91A /* Frameworks */,
			);
			sourceTree = "<group>";
		};
		4C9A03791CAB064200CA9A02 /* Products */ = {
			isa = PBXGroup;
			children = (
				4C9A03781CAB064200CA9A02 /* EggplantButton.app */,
			);
			name = Products;
			sourceTree = "<group>";
		};
		4C9A037A1CAB064200CA9A02 /* EggplantButton */ = {
			isa = PBXGroup;
			children = (
				4CBBC6141CBAA170006683D8 /* App Delegate */,
				4C02D1D31CB6DD9F0031F978 /* Firebase */,
				4CBBC5F91CBA957B006683D8 /* Storyboards */,
				4C02D1DB1CB6E2E10031F978 /* View Controllers */,
				4C8E5A521CB74E4C005E1625 /* Views */,
				4C02D1DC1CB6E2F40031F978 /* Models */,
				4CBBC60A1CBA9836006683D8 /* DataStores */,
				4CBBC6111CBA9862006683D8 /* Button Files */,
				4C9514C81CB44FC6009CF02A /* APIs */,
				4C9A037B1CAB064200CA9A02 /* Supporting Files */,
				4C1DE15E1CB83E5A00AFBCF5 /* Fonts */,
				4C9A038A1CAB064200CA9A02 /* Assets.xcassets */,
			);
			path = EggplantButton;
			sourceTree = "<group>";
		};
		4C9A037B1CAB064200CA9A02 /* Supporting Files */ = {
			isa = PBXGroup;
			children = (
				9ACC8C141CBD374600909704 /* nyc_restaurants.plist */,
				4C270CA61CAB08A2003E0195 /* Secrets.h */,
				4C270CA71CAB08A2003E0195 /* Secrets.m */,
				4C9A037C1CAB064200CA9A02 /* main.m */,
				4CAD0CBF1CB56574008162CE /* EggplantButton-Bridging-Header.h */,
				4C9A038F1CAB064200CA9A02 /* Info.plist */,
			);
			name = "Supporting Files";
			sourceTree = "<group>";
		};
		4CBBC5F91CBA957B006683D8 /* Storyboards */ = {
			isa = PBXGroup;
			children = (
				4C9A038C1CAB064200CA9A02 /* LaunchScreen.storyboard */,
				4C64EC411CBAA78200FB3A45 /* ItineraryView.storyboard */,
				4C0EE1521CBDA0930092C39A /* ItineraryHistoryView.storyboard */,
				9AB65BBB1CBD95E4008A99CF /* Login.storyboard */,
				9ACC8C161CBD398E00909704 /* DetailView.storyboard */,
				4CBBC6081CBA97B0006683D8 /* Main.storyboard */,
				4CBBC5FA1CBA9618006683D8 /* Button.storyboard */,

				4C64EC411CBAA78200FB3A45 /* itineraryShare.storyboard */,
				4C9A038C1CAB064200CA9A02 /* LaunchScreen.storyboard */,
				0A1DFA8B1CBBF21B0071EEDB /* CreateAccountStoryBoard.storyboard */,
				78A7F6D01CBEC2F800DD4937 /* sideMenu.storyboard */,

				9A74DC511CBF391900B63B0B /* FilterView.storyboard */,
				9A5AEC331CBF4795009F2BEA /* UserProfile.storyboard */,

			);
			name = Storyboards;
			sourceTree = "<group>";
		};
		4CBBC60A1CBA9836006683D8 /* DataStores */ = {
			isa = PBXGroup;
			children = (
				9A3383991CBC5416004B8EFE /* RestaurantDataStore.h */,
				9A33839A1CBC5416004B8EFE /* RestaurantDataStore.m */,
				4C64EC3D1CBAA78200FB3A45 /* EggplantButton.xcdatamodeld */,
				4C64EC421CBAA78200FB3A45 /* UserHistory.xcdatamodeld */,
				4C64EC321CBAA6BB00FB3A45 /* ActivitiesDataStore.h */,
				4C64EC331CBAA6BB00FB3A45 /* ActivitiesDataStore.m */,
			);
			name = DataStores;
			sourceTree = "<group>";
		};
		4CBBC6111CBA9862006683D8 /* Button Files */ = {
			isa = PBXGroup;
			children = (
				4CBBC6001CBA96DF006683D8 /* setupButton.h */,
				4CBBC6011CBA96DF006683D8 /* setupButton.m */,
			);
			name = "Button Files";
			sourceTree = "<group>";
		};
		4CBBC6141CBAA170006683D8 /* App Delegate */ = {
			isa = PBXGroup;
			children = (
				4C9A037E1CAB064200CA9A02 /* AppDelegate.h */,
				4C9A037F1CAB064200CA9A02 /* AppDelegate.m */,
			);
			name = "App Delegate";
			sourceTree = "<group>";
		};
		4F35EC6547E403BF1EA8A91A /* Frameworks */ = {
			isa = PBXGroup;
			children = (
				78A7F6CC1CBDA1FC00DD4937 /* AudioToolbox.framework */,
				78A7F6CA1CBD44C500DD4937 /* GameplayKit.framework */,
				78A7F6C81CBD44B500DD4937 /* GameKit.framework */,
				78A7F6C61CBD44AC00DD4937 /* CoreMotion.framework */,
				620C2EAF950D8ACD2F96FDC8 /* Pods_EggplantButton.framework */,
			);
			name = Frameworks;
			sourceTree = "<group>";
		};
		D03BCDC2BCFE4F0C6C8F9E65 /* Pods */ = {
			isa = PBXGroup;
			children = (
				478A5D5E5340BA05712F05CE /* Pods-EggplantButton.debug.xcconfig */,
				5B0FD8E68B26336D4AE48A9A /* Pods-EggplantButton.release.xcconfig */,
			);
			name = Pods;
			sourceTree = "<group>";
		};
/* End PBXGroup section */

/* Begin PBXNativeTarget section */
		4C9A03771CAB064200CA9A02 /* EggplantButton */ = {
			isa = PBXNativeTarget;
			buildConfigurationList = 4C9A03921CAB064200CA9A02 /* Build configuration list for PBXNativeTarget "EggplantButton" */;
			buildPhases = (
				89BFBFE7484337AF3D790DAC /* Check Pods Manifest.lock */,
				4C9A03741CAB064200CA9A02 /* Sources */,
				4C9A03751CAB064200CA9A02 /* Frameworks */,
				4C9A03761CAB064200CA9A02 /* Resources */,
				BE1F8E56031E4A3E26F2D345 /* Embed Pods Frameworks */,
				48A9E1A22FFBC193A26308DC /* Copy Pods Resources */,
			);
			buildRules = (
			);
			dependencies = (
			);
			name = EggplantButton;
			productName = EggplantButton;
			productReference = 4C9A03781CAB064200CA9A02 /* EggplantButton.app */;
			productType = "com.apple.product-type.application";
		};
/* End PBXNativeTarget section */

/* Begin PBXProject section */
		4C9A03701CAB064200CA9A02 /* Project object */ = {
			isa = PBXProject;
			attributes = {
				LastUpgradeCheck = 0730;
				ORGANIZATIONNAME = "Team Eggplant Button";
				TargetAttributes = {
					4C9A03771CAB064200CA9A02 = {
						CreatedOnToolsVersion = 7.3;
						DevelopmentTeam = KXY9EDFTF5;
						SystemCapabilities = {
							com.apple.Push = {
								enabled = 1;
							};
						};
					};
				};
			};
			buildConfigurationList = 4C9A03731CAB064200CA9A02 /* Build configuration list for PBXProject "EggplantButton" */;
			compatibilityVersion = "Xcode 3.2";
			developmentRegion = English;
			hasScannedForEncodings = 0;
			knownRegions = (
				en,
				Base,
			);
			mainGroup = 4C9A036F1CAB064200CA9A02;
			productRefGroup = 4C9A03791CAB064200CA9A02 /* Products */;
			projectDirPath = "";
			projectRoot = "";
			targets = (
				4C9A03771CAB064200CA9A02 /* EggplantButton */,
			);
		};
/* End PBXProject section */

/* Begin PBXResourcesBuildPhase section */
		4C9A03761CAB064200CA9A02 /* Resources */ = {
			isa = PBXResourcesBuildPhase;
			buildActionMask = 2147483647;
			files = (
				9ACC8C151CBD374600909704 /* nyc_restaurants.plist in Resources */,
				9ACC8C171CBD398E00909704 /* DetailView.storyboard in Resources */,
				9A74DC521CBF391900B63B0B /* FilterView.storyboard in Resources */,
				9AA058791CAEAA57000A6AA8 /* ActivityCard.xib in Resources */,
				78A7F6D11CBEC2F800DD4937 /* sideMenu.storyboard in Resources */,
				4C1DE1621CB8410900AFBCF5 /* LobsterTwo-Regular.otf in Resources */,
				4C1DE1601CB8410900AFBCF5 /* LobsterTwo-BoldItalic.otf in Resources */,
				4C1DE1611CB8410900AFBCF5 /* LobsterTwo-Italic.otf in Resources */,
				4C64EC471CBAA78200FB3A45 /* ItineraryView.storyboard in Resources */,
				4CBBC5FB1CBA9618006683D8 /* Button.storyboard in Resources */,
				4C1DE15F1CB8410900AFBCF5 /* LobsterTwo-Bold.otf in Resources */,
				4CBBC6091CBA97B0006683D8 /* Main.storyboard in Resources */,
				4C9A038E1CAB064200CA9A02 /* LaunchScreen.storyboard in Resources */,
				4C9A038B1CAB064200CA9A02 /* Assets.xcassets in Resources */,
				9A5AEC341CBF4795009F2BEA /* UserProfile.storyboard in Resources */,
				4C0EE1531CBDA0930092C39A /* ItineraryHistoryView.storyboard in Resources */,
				9AB65BBC1CBD95E4008A99CF /* Login.storyboard in Resources */,
			);
			runOnlyForDeploymentPostprocessing = 0;
		};
/* End PBXResourcesBuildPhase section */

/* Begin PBXShellScriptBuildPhase section */
		48A9E1A22FFBC193A26308DC /* Copy Pods Resources */ = {
			isa = PBXShellScriptBuildPhase;
			buildActionMask = 2147483647;
			files = (
			);
			inputPaths = (
			);
			name = "Copy Pods Resources";
			outputPaths = (
			);
			runOnlyForDeploymentPostprocessing = 0;
			shellPath = /bin/sh;
			shellScript = "\"${SRCROOT}/Pods/Target Support Files/Pods-EggplantButton/Pods-EggplantButton-resources.sh\"\n";
			showEnvVarsInLog = 0;
		};
		89BFBFE7484337AF3D790DAC /* Check Pods Manifest.lock */ = {
			isa = PBXShellScriptBuildPhase;
			buildActionMask = 2147483647;
			files = (
			);
			inputPaths = (
			);
			name = "Check Pods Manifest.lock";
			outputPaths = (
			);
			runOnlyForDeploymentPostprocessing = 0;
			shellPath = /bin/sh;
			shellScript = "diff \"${PODS_ROOT}/../Podfile.lock\" \"${PODS_ROOT}/Manifest.lock\" > /dev/null\nif [[ $? != 0 ]] ; then\n    cat << EOM\nerror: The sandbox is not in sync with the Podfile.lock. Run 'pod install' or update your CocoaPods installation.\nEOM\n    exit 1\nfi\n";
			showEnvVarsInLog = 0;
		};
		BE1F8E56031E4A3E26F2D345 /* Embed Pods Frameworks */ = {
			isa = PBXShellScriptBuildPhase;
			buildActionMask = 2147483647;
			files = (
			);
			inputPaths = (
			);
			name = "Embed Pods Frameworks";
			outputPaths = (
			);
			runOnlyForDeploymentPostprocessing = 0;
			shellPath = /bin/sh;
			shellScript = "\"${SRCROOT}/Pods/Target Support Files/Pods-EggplantButton/Pods-EggplantButton-frameworks.sh\"\n";
			showEnvVarsInLog = 0;
		};
/* End PBXShellScriptBuildPhase section */

/* Begin PBXSourcesBuildPhase section */
		4C9A03741CAB064200CA9A02 /* Sources */ = {
			isa = PBXSourcesBuildPhase;
			buildActionMask = 2147483647;
			files = (
				4C64EC451CBAA78200FB3A45 /* EggplantButton.xcdatamodeld in Sources */,
				9A2478E61CAC2EFA00865C6A /* OpenTableAPIClient.m in Sources */,
				4C0EE1591CBDA2E70092C39A /* ItineraryHistoryTableViewController.m in Sources */,
				4CBBC6061CBA96DF006683D8 /* setupButton.m in Sources */,
				9A5AEC321CBF476B009F2BEA /* UserProfileViewController.m in Sources */,
				4C358D381CAD62CE00257756 /* CardViewController.m in Sources */,
				4CAD0CC51CB568C4008162CE /* FirebaseIntegration.swift in Sources */,
				0A05A4EB1CB438AD00EF83CD /* TicketMasterAPIClient.m in Sources */,
				4C358D731CADCDF700257756 /* ActivityCardView.m in Sources */,
				4C64EC441CBAA78200FB3A45 /* CreateAccountViewController.m in Sources */,
				4C02D1E11CB6E72C0031F978 /* User.m in Sources */,
				9ACC8C1A1CBD399800909704 /* DetailViewController.m in Sources */,
				4C433C031CB9539C00059C92 /* Activity.m in Sources */,
				9A33839B1CBC5416004B8EFE /* ActivityCardCollectionViewCell.m in Sources */,
				4C02D1E41CB6E8A00031F978 /* Itinerary.m in Sources */,
				4C0EE1561CBDA2D60092C39A /* ItineraryTableViewController.m in Sources */,
				4CBBC6051CBA96DF006683D8 /* LogInViewController.m in Sources */,
				4C64EC461CBAA78200FB3A45 /* Event.m in Sources */,
				4C9A03801CAB064200CA9A02 /* AppDelegate.m in Sources */,

				78A7F6D41CBFFDAF00DD4937 /* sideMenuViewController.m in Sources */,

				9A74DC551CBF39E600B63B0B /* FilterViewController.m in Sources */,

				4C270CA81CAB08A2003E0195 /* Secrets.m in Sources */,
				4C02D1E71CB6EDD40031F978 /* Photo.m in Sources */,
				9A5616B51CAC68AE008D9264 /* Restaurant.m in Sources */,
				9A33839C1CBC5416004B8EFE /* RestaurantDataStore.m in Sources */,
				4CBBC6041CBA96DF006683D8 /* AppViewController.m in Sources */,
				4C64EC341CBAA6BB00FB3A45 /* ActivitiesDataStore.m in Sources */,
				4CBBF0871CBBEE09005BB352 /* Tip.m in Sources */,
				4C9A037D1CAB064200CA9A02 /* main.m in Sources */,
				4C64EC481CBAA78200FB3A45 /* UserHistory.xcdatamodeld in Sources */,
			);
			runOnlyForDeploymentPostprocessing = 0;
		};
/* End PBXSourcesBuildPhase section */

/* Begin PBXVariantGroup section */
		4C9A038C1CAB064200CA9A02 /* LaunchScreen.storyboard */ = {
			isa = PBXVariantGroup;
			children = (
				4C9A038D1CAB064200CA9A02 /* Base */,
			);
			name = LaunchScreen.storyboard;
			sourceTree = "<group>";
		};
/* End PBXVariantGroup section */

/* Begin XCBuildConfiguration section */
		4C9A03901CAB064200CA9A02 /* Debug */ = {
			isa = XCBuildConfiguration;
			buildSettings = {
				ALWAYS_SEARCH_USER_PATHS = NO;
				CLANG_ANALYZER_NONNULL = YES;
				CLANG_CXX_LANGUAGE_STANDARD = "gnu++0x";
				CLANG_CXX_LIBRARY = "libc++";
				CLANG_ENABLE_MODULES = YES;
				CLANG_ENABLE_OBJC_ARC = YES;
				CLANG_WARN_BOOL_CONVERSION = YES;
				CLANG_WARN_CONSTANT_CONVERSION = YES;
				CLANG_WARN_DIRECT_OBJC_ISA_USAGE = YES_ERROR;
				CLANG_WARN_EMPTY_BODY = YES;
				CLANG_WARN_ENUM_CONVERSION = YES;
				CLANG_WARN_INT_CONVERSION = YES;
				CLANG_WARN_OBJC_ROOT_CLASS = YES_ERROR;
				CLANG_WARN_UNREACHABLE_CODE = YES;
				CLANG_WARN__DUPLICATE_METHOD_MATCH = YES;
				"CODE_SIGN_IDENTITY[sdk=iphoneos*]" = "iPhone Developer";
				COPY_PHASE_STRIP = NO;
				DEBUG_INFORMATION_FORMAT = dwarf;
				ENABLE_STRICT_OBJC_MSGSEND = YES;
				ENABLE_TESTABILITY = YES;
				GCC_C_LANGUAGE_STANDARD = gnu99;
				GCC_DYNAMIC_NO_PIC = NO;
				GCC_NO_COMMON_BLOCKS = YES;
				GCC_OPTIMIZATION_LEVEL = 0;
				GCC_PREPROCESSOR_DEFINITIONS = (
					"DEBUG=1",
					"$(inherited)",
				);
				GCC_WARN_64_TO_32_BIT_CONVERSION = YES;
				GCC_WARN_ABOUT_RETURN_TYPE = YES_ERROR;
				GCC_WARN_UNDECLARED_SELECTOR = YES;
				GCC_WARN_UNINITIALIZED_AUTOS = YES_AGGRESSIVE;
				GCC_WARN_UNUSED_FUNCTION = YES;
				GCC_WARN_UNUSED_VARIABLE = YES;
				IPHONEOS_DEPLOYMENT_TARGET = 9.3;
				MTL_ENABLE_DEBUG_INFO = YES;
				ONLY_ACTIVE_ARCH = YES;
				SDKROOT = iphoneos;
				TARGETED_DEVICE_FAMILY = "1,2";
			};
			name = Debug;
		};
		4C9A03911CAB064200CA9A02 /* Release */ = {
			isa = XCBuildConfiguration;
			buildSettings = {
				ALWAYS_SEARCH_USER_PATHS = NO;
				CLANG_ANALYZER_NONNULL = YES;
				CLANG_CXX_LANGUAGE_STANDARD = "gnu++0x";
				CLANG_CXX_LIBRARY = "libc++";
				CLANG_ENABLE_MODULES = YES;
				CLANG_ENABLE_OBJC_ARC = YES;
				CLANG_WARN_BOOL_CONVERSION = YES;
				CLANG_WARN_CONSTANT_CONVERSION = YES;
				CLANG_WARN_DIRECT_OBJC_ISA_USAGE = YES_ERROR;
				CLANG_WARN_EMPTY_BODY = YES;
				CLANG_WARN_ENUM_CONVERSION = YES;
				CLANG_WARN_INT_CONVERSION = YES;
				CLANG_WARN_OBJC_ROOT_CLASS = YES_ERROR;
				CLANG_WARN_UNREACHABLE_CODE = YES;
				CLANG_WARN__DUPLICATE_METHOD_MATCH = YES;
				"CODE_SIGN_IDENTITY[sdk=iphoneos*]" = "iPhone Developer";
				COPY_PHASE_STRIP = NO;
				DEBUG_INFORMATION_FORMAT = "dwarf-with-dsym";
				ENABLE_NS_ASSERTIONS = NO;
				ENABLE_STRICT_OBJC_MSGSEND = YES;
				GCC_C_LANGUAGE_STANDARD = gnu99;
				GCC_NO_COMMON_BLOCKS = YES;
				GCC_WARN_64_TO_32_BIT_CONVERSION = YES;
				GCC_WARN_ABOUT_RETURN_TYPE = YES_ERROR;
				GCC_WARN_UNDECLARED_SELECTOR = YES;
				GCC_WARN_UNINITIALIZED_AUTOS = YES_AGGRESSIVE;
				GCC_WARN_UNUSED_FUNCTION = YES;
				GCC_WARN_UNUSED_VARIABLE = YES;
				IPHONEOS_DEPLOYMENT_TARGET = 9.3;
				MTL_ENABLE_DEBUG_INFO = NO;
				SDKROOT = iphoneos;
				TARGETED_DEVICE_FAMILY = "1,2";
				VALIDATE_PRODUCT = YES;
			};
			name = Release;
		};
		4C9A03931CAB064200CA9A02 /* Debug */ = {
			isa = XCBuildConfiguration;
			baseConfigurationReference = 478A5D5E5340BA05712F05CE /* Pods-EggplantButton.debug.xcconfig */;
			buildSettings = {
				ASSETCATALOG_COMPILER_APPICON_NAME = AppIcon;
				CLANG_ENABLE_MODULES = YES;
				CODE_SIGN_IDENTITY = "iPhone Developer";
				"CODE_SIGN_IDENTITY[sdk=iphoneos*]" = "iPhone Developer";
				DEFINES_MODULE = YES;
				INFOPLIST_FILE = EggplantButton/Info.plist;
				LD_RUNPATH_SEARCH_PATHS = "$(inherited) @executable_path/Frameworks";
				PRODUCT_BUNDLE_IDENTIFIER = TEB.EggplantButton;
				PRODUCT_NAME = "$(TARGET_NAME)";
				PROVISIONING_PROFILE = "";
				SWIFT_OBJC_BRIDGING_HEADER = "EggplantButton/EggplantButton-Bridging-Header.h";
				SWIFT_OPTIMIZATION_LEVEL = "-Onone";
			};
			name = Debug;
		};
		4C9A03941CAB064200CA9A02 /* Release */ = {
			isa = XCBuildConfiguration;
			baseConfigurationReference = 5B0FD8E68B26336D4AE48A9A /* Pods-EggplantButton.release.xcconfig */;
			buildSettings = {
				ASSETCATALOG_COMPILER_APPICON_NAME = AppIcon;
				CLANG_ENABLE_MODULES = YES;
				CODE_SIGN_IDENTITY = "iPhone Developer";
				"CODE_SIGN_IDENTITY[sdk=iphoneos*]" = "iPhone Developer";
				DEFINES_MODULE = YES;
				INFOPLIST_FILE = EggplantButton/Info.plist;
				LD_RUNPATH_SEARCH_PATHS = "$(inherited) @executable_path/Frameworks";
				PRODUCT_BUNDLE_IDENTIFIER = TEB.EggplantButton;
				PRODUCT_NAME = "$(TARGET_NAME)";
				PROVISIONING_PROFILE = "";
				SWIFT_OBJC_BRIDGING_HEADER = "EggplantButton/EggplantButton-Bridging-Header.h";
			};
			name = Release;
		};
/* End XCBuildConfiguration section */

/* Begin XCConfigurationList section */
		4C9A03731CAB064200CA9A02 /* Build configuration list for PBXProject "EggplantButton" */ = {
			isa = XCConfigurationList;
			buildConfigurations = (
				4C9A03901CAB064200CA9A02 /* Debug */,
				4C9A03911CAB064200CA9A02 /* Release */,
			);
			defaultConfigurationIsVisible = 0;
			defaultConfigurationName = Release;
		};
		4C9A03921CAB064200CA9A02 /* Build configuration list for PBXNativeTarget "EggplantButton" */ = {
			isa = XCConfigurationList;
			buildConfigurations = (
				4C9A03931CAB064200CA9A02 /* Debug */,
				4C9A03941CAB064200CA9A02 /* Release */,
			);
			defaultConfigurationIsVisible = 0;
			defaultConfigurationName = Release;
		};
/* End XCConfigurationList section */

/* Begin XCVersionGroup section */
		4C64EC3D1CBAA78200FB3A45 /* EggplantButton.xcdatamodeld */ = {
			isa = XCVersionGroup;
			children = (
				4C64EC3E1CBAA78200FB3A45 /* EggplantButton.xcdatamodel */,
			);
			currentVersion = 4C64EC3E1CBAA78200FB3A45 /* EggplantButton.xcdatamodel */;
			path = EggplantButton.xcdatamodeld;
			sourceTree = "<group>";
			versionGroupType = wrapper.xcdatamodel;
		};
		4C64EC421CBAA78200FB3A45 /* UserHistory.xcdatamodeld */ = {
			isa = XCVersionGroup;
			children = (
				4C64EC431CBAA78200FB3A45 /* UserHistory.xcdatamodel */,
			);
			currentVersion = 4C64EC431CBAA78200FB3A45 /* UserHistory.xcdatamodel */;
			path = UserHistory.xcdatamodeld;
			sourceTree = "<group>";
			versionGroupType = wrapper.xcdatamodel;
		};
/* End XCVersionGroup section */
	};
	rootObject = 4C9A03701CAB064200CA9A02 /* Project object */;
}
