// !$*UTF8*$!
{
	archiveVersion = 1;
	classes = {
	};
	objectVersion = 46;
	objects = {

/* Begin PBXBuildFile section */
		4C358D381CAD62CE00257756 /* ContainerViewController.m in Sources */ = {isa = PBXBuildFile; fileRef = 4C358D371CAD62CE00257756 /* ContainerViewController.m */; };
		4C358D671CADBA0600257756 /* CardScrollContentView.m in Sources */ = {isa = PBXBuildFile; fileRef = 4C358D661CADBA0600257756 /* CardScrollContentView.m */; };
		4C358D731CADCDF700257756 /* ActivityCardView.m in Sources */ = {isa = PBXBuildFile; fileRef = 4C358D721CADCDF700257756 /* ActivityCardView.m */; };
		4C9A037D1CAB064200CA9A02 /* main.m in Sources */ = {isa = PBXBuildFile; fileRef = 4C9A037C1CAB064200CA9A02 /* main.m */; };
		4C9A03801CAB064200CA9A02 /* AppDelegate.m in Sources */ = {isa = PBXBuildFile; fileRef = 4C9A037F1CAB064200CA9A02 /* AppDelegate.m */; };
		4C9A03861CAB064200CA9A02 /* Main.storyboard in Resources */ = {isa = PBXBuildFile; fileRef = 4C9A03841CAB064200CA9A02 /* Main.storyboard */; };
		4C9A03891CAB064200CA9A02 /* EggplantButton.xcdatamodeld in Sources */ = {isa = PBXBuildFile; fileRef = 4C9A03871CAB064200CA9A02 /* EggplantButton.xcdatamodeld */; };
		4C9A038B1CAB064200CA9A02 /* Assets.xcassets in Resources */ = {isa = PBXBuildFile; fileRef = 4C9A038A1CAB064200CA9A02 /* Assets.xcassets */; };
		4C9A038E1CAB064200CA9A02 /* LaunchScreen.storyboard in Resources */ = {isa = PBXBuildFile; fileRef = 4C9A038C1CAB064200CA9A02 /* LaunchScreen.storyboard */; };
		78870B951CB2C588008A4D74 /* Secrets.m in Sources */ = {isa = PBXBuildFile; fileRef = 78870B941CB2C588008A4D74 /* Secrets.m */; };
		78870B9B1CB2C78A008A4D74 /* setupButton.m in Sources */ = {isa = PBXBuildFile; fileRef = 78870B9A1CB2C78A008A4D74 /* setupButton.m */; };
		9A2478E61CAC2EFA00865C6A /* OpenTableAPIClient.m in Sources */ = {isa = PBXBuildFile; fileRef = 9A2478E51CAC2EFA00865C6A /* OpenTableAPIClient.m */; };
		9A5616B51CAC68AE008D9264 /* Restaurant.m in Sources */ = {isa = PBXBuildFile; fileRef = 9A5616B41CAC68AE008D9264 /* Restaurant.m */; };
		9A5616B81CAD8A30008D9264 /* RestaurantDataStore.m in Sources */ = {isa = PBXBuildFile; fileRef = 9A5616B71CAD8A30008D9264 /* RestaurantDataStore.m */; };
		9AA058791CAEAA57000A6AA8 /* ActivityCard.xib in Resources */ = {isa = PBXBuildFile; fileRef = 9AA058781CAEAA57000A6AA8 /* ActivityCard.xib */; };
		B7C141CFF528986B616A8790 /* libPods-EggplantButton.a in Frameworks */ = {isa = PBXBuildFile; fileRef = 0A4E7B30585A1886003A7ED7 /* libPods-EggplantButton.a */; };
/* End PBXBuildFile section */

/* Begin PBXFileReference section */
		0A4E7B30585A1886003A7ED7 /* libPods-EggplantButton.a */ = {isa = PBXFileReference; explicitFileType = archive.ar; includeInIndex = 0; path = "libPods-EggplantButton.a"; sourceTree = BUILT_PRODUCTS_DIR; };
		478A5D5E5340BA05712F05CE /* Pods-EggplantButton.debug.xcconfig */ = {isa = PBXFileReference; includeInIndex = 1; lastKnownFileType = text.xcconfig; name = "Pods-EggplantButton.debug.xcconfig"; path = "Pods/Target Support Files/Pods-EggplantButton/Pods-EggplantButton.debug.xcconfig"; sourceTree = "<group>"; };
		4C270CA61CAB08A2003E0195 /* Secrets.h */ = {isa = PBXFileReference; fileEncoding = 4; lastKnownFileType = sourcecode.c.h; path = Secrets.h; sourceTree = "<group>"; };
		4C358D361CAD62CE00257756 /* ContainerViewController.h */ = {isa = PBXFileReference; fileEncoding = 4; lastKnownFileType = sourcecode.c.h; path = ContainerViewController.h; sourceTree = "<group>"; };
		4C358D371CAD62CE00257756 /* ContainerViewController.m */ = {isa = PBXFileReference; fileEncoding = 4; lastKnownFileType = sourcecode.c.objc; path = ContainerViewController.m; sourceTree = "<group>"; };
		4C358D651CADBA0600257756 /* CardScrollContentView.h */ = {isa = PBXFileReference; fileEncoding = 4; lastKnownFileType = sourcecode.c.h; path = CardScrollContentView.h; sourceTree = "<group>"; };
		4C358D661CADBA0600257756 /* CardScrollContentView.m */ = {isa = PBXFileReference; fileEncoding = 4; lastKnownFileType = sourcecode.c.objc; path = CardScrollContentView.m; sourceTree = "<group>"; };
		4C358D711CADCDF700257756 /* ActivityCardView.h */ = {isa = PBXFileReference; fileEncoding = 4; lastKnownFileType = sourcecode.c.h; path = ActivityCardView.h; sourceTree = "<group>"; };
		4C358D721CADCDF700257756 /* ActivityCardView.m */ = {isa = PBXFileReference; fileEncoding = 4; lastKnownFileType = sourcecode.c.objc; path = ActivityCardView.m; sourceTree = "<group>"; };
		4C9A03781CAB064200CA9A02 /* EggplantButton.app */ = {isa = PBXFileReference; explicitFileType = wrapper.application; includeInIndex = 0; path = EggplantButton.app; sourceTree = BUILT_PRODUCTS_DIR; };
		4C9A037C1CAB064200CA9A02 /* main.m */ = {isa = PBXFileReference; lastKnownFileType = sourcecode.c.objc; path = main.m; sourceTree = "<group>"; };
		4C9A037E1CAB064200CA9A02 /* AppDelegate.h */ = {isa = PBXFileReference; lastKnownFileType = sourcecode.c.h; path = AppDelegate.h; sourceTree = "<group>"; };
		4C9A037F1CAB064200CA9A02 /* AppDelegate.m */ = {isa = PBXFileReference; lastKnownFileType = sourcecode.c.objc; path = AppDelegate.m; sourceTree = "<group>"; };
		4C9A03851CAB064200CA9A02 /* Base */ = {isa = PBXFileReference; lastKnownFileType = file.storyboard; name = Base; path = Base.lproj/Main.storyboard; sourceTree = "<group>"; };
		4C9A03881CAB064200CA9A02 /* EggplantButton.xcdatamodel */ = {isa = PBXFileReference; lastKnownFileType = wrapper.xcdatamodel; path = EggplantButton.xcdatamodel; sourceTree = "<group>"; };
		4C9A038A1CAB064200CA9A02 /* Assets.xcassets */ = {isa = PBXFileReference; lastKnownFileType = folder.assetcatalog; path = Assets.xcassets; sourceTree = "<group>"; };
		4C9A038D1CAB064200CA9A02 /* Base */ = {isa = PBXFileReference; lastKnownFileType = file.storyboard; name = Base; path = Base.lproj/LaunchScreen.storyboard; sourceTree = "<group>"; };
		4C9A038F1CAB064200CA9A02 /* Info.plist */ = {isa = PBXFileReference; lastKnownFileType = text.plist.xml; path = Info.plist; sourceTree = "<group>"; };
		5B0FD8E68B26336D4AE48A9A /* Pods-EggplantButton.release.xcconfig */ = {isa = PBXFileReference; includeInIndex = 1; lastKnownFileType = text.xcconfig; name = "Pods-EggplantButton.release.xcconfig"; path = "Pods/Target Support Files/Pods-EggplantButton/Pods-EggplantButton.release.xcconfig"; sourceTree = "<group>"; };
		78870B941CB2C588008A4D74 /* Secrets.m */ = {isa = PBXFileReference; fileEncoding = 4; lastKnownFileType = sourcecode.c.objc; path = Secrets.m; sourceTree = "<group>"; };
		78870B9A1CB2C78A008A4D74 /* setupButton.m */ = {isa = PBXFileReference; fileEncoding = 4; lastKnownFileType = sourcecode.c.objc; path = setupButton.m; sourceTree = "<group>"; };
		9A2478E41CAC2EFA00865C6A /* OpenTableAPIClient.h */ = {isa = PBXFileReference; fileEncoding = 4; lastKnownFileType = sourcecode.c.h; path = OpenTableAPIClient.h; sourceTree = "<group>"; };
		9A2478E51CAC2EFA00865C6A /* OpenTableAPIClient.m */ = {isa = PBXFileReference; fileEncoding = 4; lastKnownFileType = sourcecode.c.objc; path = OpenTableAPIClient.m; sourceTree = "<group>"; };
		9A5616B31CAC68AE008D9264 /* Restaurant.h */ = {isa = PBXFileReference; fileEncoding = 4; lastKnownFileType = sourcecode.c.h; path = Restaurant.h; sourceTree = "<group>"; };
		9A5616B41CAC68AE008D9264 /* Restaurant.m */ = {isa = PBXFileReference; fileEncoding = 4; lastKnownFileType = sourcecode.c.objc; path = Restaurant.m; sourceTree = "<group>"; };
		9A5616B61CAD8A30008D9264 /* RestaurantDataStore.h */ = {isa = PBXFileReference; fileEncoding = 4; lastKnownFileType = sourcecode.c.h; path = RestaurantDataStore.h; sourceTree = "<group>"; };
		9A5616B71CAD8A30008D9264 /* RestaurantDataStore.m */ = {isa = PBXFileReference; fileEncoding = 4; lastKnownFileType = sourcecode.c.objc; path = RestaurantDataStore.m; sourceTree = "<group>"; };
		9AA058781CAEAA57000A6AA8 /* ActivityCard.xib */ = {isa = PBXFileReference; fileEncoding = 4; lastKnownFileType = file.xib; path = ActivityCard.xib; sourceTree = "<group>"; };
/* End PBXFileReference section */

/* Begin PBXFrameworksBuildPhase section */
		4C9A03751CAB064200CA9A02 /* Frameworks */ = {
			isa = PBXFrameworksBuildPhase;
			buildActionMask = 2147483647;
			files = (
				B7C141CFF528986B616A8790 /* libPods-EggplantButton.a in Frameworks */,
			);
			runOnlyForDeploymentPostprocessing = 0;
		};
/* End PBXFrameworksBuildPhase section */

/* Begin PBXGroup section */
		4C9A036F1CAB064200CA9A02 = {
			isa = PBXGroup;
			children = (
				4C9A037A1CAB064200CA9A02 /* EggplantButton */,
				4C9A03791CAB064200CA9A02 /* Products */,
				D03BCDC2BCFE4F0C6C8F9E65 /* Pods */,
				4F35EC6547E403BF1EA8A91A /* Frameworks */,
			);
			sourceTree = "<group>";
		};
		4C9A03791CAB064200CA9A02 /* Products */ = {
			isa = PBXGroup;
			children = (
				4C9A03781CAB064200CA9A02 /* EggplantButton.app */,
			);
			name = Products;
			sourceTree = "<group>";
		};
		4C9A037A1CAB064200CA9A02 /* EggplantButton */ = {
			isa = PBXGroup;
			children = (
				4C9A037E1CAB064200CA9A02 /* AppDelegate.h */,
				4C9A037F1CAB064200CA9A02 /* AppDelegate.m */,
				9A2478E41CAC2EFA00865C6A /* OpenTableAPIClient.h */,
				9A2478E51CAC2EFA00865C6A /* OpenTableAPIClient.m */,
				9A5616B31CAC68AE008D9264 /* Restaurant.h */,
				9A5616B41CAC68AE008D9264 /* Restaurant.m */,
				9A5616B61CAD8A30008D9264 /* RestaurantDataStore.h */,
				9A5616B71CAD8A30008D9264 /* RestaurantDataStore.m */,
				9AA058781CAEAA57000A6AA8 /* ActivityCard.xib */,
				4C358D711CADCDF700257756 /* ActivityCardView.h */,
				4C358D721CADCDF700257756 /* ActivityCardView.m */,
				4C358D361CAD62CE00257756 /* ContainerViewController.h */,
				4C358D371CAD62CE00257756 /* ContainerViewController.m */,
				4C358D661CADBA0600257756 /* CardScrollContentView.m */,
				4C9A03841CAB064200CA9A02 /* Main.storyboard */,
				4C358D651CADBA0600257756 /* CardScrollContentView.h */,
				4C9A038A1CAB064200CA9A02 /* Assets.xcassets */,
				4C9A038C1CAB064200CA9A02 /* LaunchScreen.storyboard */,
				4C9A038F1CAB064200CA9A02 /* Info.plist */,
				4C9A03871CAB064200CA9A02 /* EggplantButton.xcdatamodeld */,
				4C270CA61CAB08A2003E0195 /* Secrets.h */,
				4C9A037B1CAB064200CA9A02 /* Supporting Files */,
			);
			path = EggplantButton;
			sourceTree = "<group>";
		};
		4C9A037B1CAB064200CA9A02 /* Supporting Files */ = {
			isa = PBXGroup;
			children = (
				4C9A037C1CAB064200CA9A02 /* main.m */,
			);
			name = "Supporting Files";
			sourceTree = "<group>";
		};
		4F35EC6547E403BF1EA8A91A /* Frameworks */ = {
			isa = PBXGroup;
			children = (
				0A4E7B30585A1886003A7ED7 /* libPods-EggplantButton.a */,
			);
			name = Frameworks;
			sourceTree = "<group>";
		};
		D03BCDC2BCFE4F0C6C8F9E65 /* Pods */ = {
			isa = PBXGroup;
			children = (
				478A5D5E5340BA05712F05CE /* Pods-EggplantButton.debug.xcconfig */,
				5B0FD8E68B26336D4AE48A9A /* Pods-EggplantButton.release.xcconfig */,
			);
			name = Pods;
			sourceTree = "<group>";
		};
/* End PBXGroup section */

/* Begin PBXNativeTarget section */
		4C9A03771CAB064200CA9A02 /* EggplantButton */ = {
			isa = PBXNativeTarget;
			buildConfigurationList = 4C9A03921CAB064200CA9A02 /* Build configuration list for PBXNativeTarget "EggplantButton" */;
			buildPhases = (
				89BFBFE7484337AF3D790DAC /* Check Pods Manifest.lock */,
				4C9A03741CAB064200CA9A02 /* Sources */,
				4C9A03751CAB064200CA9A02 /* Frameworks */,
				4C9A03761CAB064200CA9A02 /* Resources */,
				BE1F8E56031E4A3E26F2D345 /* Embed Pods Frameworks */,
				48A9E1A22FFBC193A26308DC /* Copy Pods Resources */,
			);
			buildRules = (
			);
			dependencies = (
			);
			name = EggplantButton;
			productName = EggplantButton;
			productReference = 4C9A03781CAB064200CA9A02 /* EggplantButton.app */;
			productType = "com.apple.product-type.application";
		};
/* End PBXNativeTarget section */

/* Begin PBXProject section */
		4C9A03701CAB064200CA9A02 /* Project object */ = {
			isa = PBXProject;
			attributes = {
				LastUpgradeCheck = 0730;
				ORGANIZATIONNAME = "Team Eggplant Button";
				TargetAttributes = {
					4C9A03771CAB064200CA9A02 = {
						CreatedOnToolsVersion = 7.3;
						DevelopmentTeam = KXY9EDFTF5;
					};
				};
			};
			buildConfigurationList = 4C9A03731CAB064200CA9A02 /* Build configuration list for PBXProject "EggplantButton" */;
			compatibilityVersion = "Xcode 3.2";
			developmentRegion = English;
			hasScannedForEncodings = 0;
			knownRegions = (
				en,
				Base,
			);
			mainGroup = 4C9A036F1CAB064200CA9A02;
			productRefGroup = 4C9A03791CAB064200CA9A02 /* Products */;
			projectDirPath = "";
			projectRoot = "";
			targets = (
				4C9A03771CAB064200CA9A02 /* EggplantButton */,
			);
		};
/* End PBXProject section */

/* Begin PBXResourcesBuildPhase section */
		4C9A03761CAB064200CA9A02 /* Resources */ = {
			isa = PBXResourcesBuildPhase;
			buildActionMask = 2147483647;
			files = (
				9AA058791CAEAA57000A6AA8 /* ActivityCard.xib in Resources */,
				4C9A038E1CAB064200CA9A02 /* LaunchScreen.storyboard in Resources */,
				4C9A038B1CAB064200CA9A02 /* Assets.xcassets in Resources */,
				4C9A03861CAB064200CA9A02 /* Main.storyboard in Resources */,
			);
			runOnlyForDeploymentPostprocessing = 0;
		};
/* End PBXResourcesBuildPhase section */

/* Begin PBXShellScriptBuildPhase section */
		48A9E1A22FFBC193A26308DC /* Copy Pods Resources */ = {
			isa = PBXShellScriptBuildPhase;
			buildActionMask = 2147483647;
			files = (
			);
			inputPaths = (
			);
			name = "Copy Pods Resources";
			outputPaths = (
			);
			runOnlyForDeploymentPostprocessing = 0;
			shellPath = /bin/sh;
			shellScript = "\"${SRCROOT}/Pods/Target Support Files/Pods-EggplantButton/Pods-EggplantButton-resources.sh\"\n";
			showEnvVarsInLog = 0;
		};
		89BFBFE7484337AF3D790DAC /* Check Pods Manifest.lock */ = {
			isa = PBXShellScriptBuildPhase;
			buildActionMask = 2147483647;
			files = (
			);
			inputPaths = (
			);
			name = "Check Pods Manifest.lock";
			outputPaths = (
			);
			runOnlyForDeploymentPostprocessing = 0;
			shellPath = /bin/sh;
			shellScript = "diff \"${PODS_ROOT}/../Podfile.lock\" \"${PODS_ROOT}/Manifest.lock\" > /dev/null\nif [[ $? != 0 ]] ; then\n    cat << EOM\nerror: The sandbox is not in sync with the Podfile.lock. Run 'pod install' or update your CocoaPods installation.\nEOM\n    exit 1\nfi\n";
			showEnvVarsInLog = 0;
		};
		BE1F8E56031E4A3E26F2D345 /* Embed Pods Frameworks */ = {
			isa = PBXShellScriptBuildPhase;
			buildActionMask = 2147483647;
			files = (
			);
			inputPaths = (
			);
			name = "Embed Pods Frameworks";
			outputPaths = (
			);
			runOnlyForDeploymentPostprocessing = 0;
			shellPath = /bin/sh;
			shellScript = "\"${SRCROOT}/Pods/Target Support Files/Pods-EggplantButton/Pods-EggplantButton-frameworks.sh\"\n";
			showEnvVarsInLog = 0;
		};
/* End PBXShellScriptBuildPhase section */

/* Begin PBXSourcesBuildPhase section */
		4C9A03741CAB064200CA9A02 /* Sources */ = {
			isa = PBXSourcesBuildPhase;
			buildActionMask = 2147483647;
			files = (
				9A5616B81CAD8A30008D9264 /* RestaurantDataStore.m in Sources */,
				9A2478E61CAC2EFA00865C6A /* OpenTableAPIClient.m in Sources */,
				4C9A03891CAB064200CA9A02 /* EggplantButton.xcdatamodeld in Sources */,
				4C358D671CADBA0600257756 /* CardScrollContentView.m in Sources */,
				4C358D381CAD62CE00257756 /* ContainerViewController.m in Sources */,
				78870B951CB2C588008A4D74 /* Secrets.m in Sources */,
				4C358D731CADCDF700257756 /* ActivityCardView.m in Sources */,
				4C9A03801CAB064200CA9A02 /* AppDelegate.m in Sources */,
				9A5616B51CAC68AE008D9264 /* Restaurant.m in Sources */,
				4C9A037D1CAB064200CA9A02 /* main.m in Sources */,
				78870B9B1CB2C78A008A4D74 /* setupButton.m in Sources */,
			);
			runOnlyForDeploymentPostprocessing = 0;
		};
/* End PBXSourcesBuildPhase section */

/* Begin PBXVariantGroup section */
		4C9A03841CAB064200CA9A02 /* Main.storyboard */ = {
			isa = PBXVariantGroup;
			children = (
				4C9A03851CAB064200CA9A02 /* Base */,
			);
			name = Main.storyboard;
			sourceTree = "<group>";
		};
		4C9A038C1CAB064200CA9A02 /* LaunchScreen.storyboard */ = {
			isa = PBXVariantGroup;
			children = (
				4C9A038D1CAB064200CA9A02 /* Base */,
			);
			name = LaunchScreen.storyboard;
			sourceTree = "<group>";
		};
/* End PBXVariantGroup section */

/* Begin XCBuildConfiguration section */
		4C9A03901CAB064200CA9A02 /* Debug */ = {
			isa = XCBuildConfiguration;
			buildSettings = {
				ALWAYS_SEARCH_USER_PATHS = NO;
				CLANG_ANALYZER_NONNULL = YES;
				CLANG_CXX_LANGUAGE_STANDARD = "gnu++0x";
				CLANG_CXX_LIBRARY = "libc++";
				CLANG_ENABLE_MODULES = YES;
				CLANG_ENABLE_OBJC_ARC = YES;
				CLANG_WARN_BOOL_CONVERSION = YES;
				CLANG_WARN_CONSTANT_CONVERSION = YES;
				CLANG_WARN_DIRECT_OBJC_ISA_USAGE = YES_ERROR;
				CLANG_WARN_EMPTY_BODY = YES;
				CLANG_WARN_ENUM_CONVERSION = YES;
				CLANG_WARN_INT_CONVERSION = YES;
				CLANG_WARN_OBJC_ROOT_CLASS = YES_ERROR;
				CLANG_WARN_UNREACHABLE_CODE = YES;
				CLANG_WARN__DUPLICATE_METHOD_MATCH = YES;
				"CODE_SIGN_IDENTITY[sdk=iphoneos*]" = "iPhone Developer";
				COPY_PHASE_STRIP = NO;
				DEBUG_INFORMATION_FORMAT = dwarf;
				ENABLE_STRICT_OBJC_MSGSEND = YES;
				ENABLE_TESTABILITY = YES;
				GCC_C_LANGUAGE_STANDARD = gnu99;
				GCC_DYNAMIC_NO_PIC = NO;
				GCC_NO_COMMON_BLOCKS = YES;
				GCC_OPTIMIZATION_LEVEL = 0;
				GCC_PREPROCESSOR_DEFINITIONS = (
					"DEBUG=1",
					"$(inherited)",
				);
				GCC_WARN_64_TO_32_BIT_CONVERSION = YES;
				GCC_WARN_ABOUT_RETURN_TYPE = YES_ERROR;
				GCC_WARN_UNDECLARED_SELECTOR = YES;
				GCC_WARN_UNINITIALIZED_AUTOS = YES_AGGRESSIVE;
				GCC_WARN_UNUSED_FUNCTION = YES;
				GCC_WARN_UNUSED_VARIABLE = YES;
				IPHONEOS_DEPLOYMENT_TARGET = 9.3;
				MTL_ENABLE_DEBUG_INFO = YES;
				ONLY_ACTIVE_ARCH = YES;
				SDKROOT = iphoneos;
				TARGETED_DEVICE_FAMILY = "1,2";
			};
			name = Debug;
		};
		4C9A03911CAB064200CA9A02 /* Release */ = {
			isa = XCBuildConfiguration;
			buildSettings = {
				ALWAYS_SEARCH_USER_PATHS = NO;
				CLANG_ANALYZER_NONNULL = YES;
				CLANG_CXX_LANGUAGE_STANDARD = "gnu++0x";
				CLANG_CXX_LIBRARY = "libc++";
				CLANG_ENABLE_MODULES = YES;
				CLANG_ENABLE_OBJC_ARC = YES;
				CLANG_WARN_BOOL_CONVERSION = YES;
				CLANG_WARN_CONSTANT_CONVERSION = YES;
				CLANG_WARN_DIRECT_OBJC_ISA_USAGE = YES_ERROR;
				CLANG_WARN_EMPTY_BODY = YES;
				CLANG_WARN_ENUM_CONVERSION = YES;
				CLANG_WARN_INT_CONVERSION = YES;
				CLANG_WARN_OBJC_ROOT_CLASS = YES_ERROR;
				CLANG_WARN_UNREACHABLE_CODE = YES;
				CLANG_WARN__DUPLICATE_METHOD_MATCH = YES;
				"CODE_SIGN_IDENTITY[sdk=iphoneos*]" = "iPhone Developer";
				COPY_PHASE_STRIP = NO;
				DEBUG_INFORMATION_FORMAT = "dwarf-with-dsym";
				ENABLE_NS_ASSERTIONS = NO;
				ENABLE_STRICT_OBJC_MSGSEND = YES;
				GCC_C_LANGUAGE_STANDARD = gnu99;
				GCC_NO_COMMON_BLOCKS = YES;
				GCC_WARN_64_TO_32_BIT_CONVERSION = YES;
				GCC_WARN_ABOUT_RETURN_TYPE = YES_ERROR;
				GCC_WARN_UNDECLARED_SELECTOR = YES;
				GCC_WARN_UNINITIALIZED_AUTOS = YES_AGGRESSIVE;
				GCC_WARN_UNUSED_FUNCTION = YES;
				GCC_WARN_UNUSED_VARIABLE = YES;
				IPHONEOS_DEPLOYMENT_TARGET = 9.3;
				MTL_ENABLE_DEBUG_INFO = NO;
				SDKROOT = iphoneos;
				TARGETED_DEVICE_FAMILY = "1,2";
				VALIDATE_PRODUCT = YES;
			};
			name = Release;
		};
		4C9A03931CAB064200CA9A02 /* Debug */ = {
			isa = XCBuildConfiguration;
			baseConfigurationReference = 478A5D5E5340BA05712F05CE /* Pods-EggplantButton.debug.xcconfig */;
			buildSettings = {
				ASSETCATALOG_COMPILER_APPICON_NAME = AppIcon;
				CODE_SIGN_IDENTITY = "iPhone Developer";
				INFOPLIST_FILE = EggplantButton/Info.plist;
				LD_RUNPATH_SEARCH_PATHS = "$(inherited) @executable_path/Frameworks";
				PRODUCT_BUNDLE_IDENTIFIER = TEB.EggplantButton;
				PRODUCT_NAME = "$(TARGET_NAME)";
			};
			name = Debug;
		};
		4C9A03941CAB064200CA9A02 /* Release */ = {
			isa = XCBuildConfiguration;
			baseConfigurationReference = 5B0FD8E68B26336D4AE48A9A /* Pods-EggplantButton.release.xcconfig */;
			buildSettings = {
				ASSETCATALOG_COMPILER_APPICON_NAME = AppIcon;
				CODE_SIGN_IDENTITY = "iPhone Developer";
				INFOPLIST_FILE = EggplantButton/Info.plist;
				LD_RUNPATH_SEARCH_PATHS = "$(inherited) @executable_path/Frameworks";
				PRODUCT_BUNDLE_IDENTIFIER = TEB.EggplantButton;
				PRODUCT_NAME = "$(TARGET_NAME)";
			};
			name = Release;
		};
/* End XCBuildConfiguration section */

/* Begin XCConfigurationList section */
		4C9A03731CAB064200CA9A02 /* Build configuration list for PBXProject "EggplantButton" */ = {
			isa = XCConfigurationList;
			buildConfigurations = (
				4C9A03901CAB064200CA9A02 /* Debug */,
				4C9A03911CAB064200CA9A02 /* Release */,
			);
			defaultConfigurationIsVisible = 0;
			defaultConfigurationName = Release;
		};
		4C9A03921CAB064200CA9A02 /* Build configuration list for PBXNativeTarget "EggplantButton" */ = {
			isa = XCConfigurationList;
			buildConfigurations = (
				4C9A03931CAB064200CA9A02 /* Debug */,
				4C9A03941CAB064200CA9A02 /* Release */,
			);
			defaultConfigurationIsVisible = 0;
			defaultConfigurationName = Release;
		};
/* End XCConfigurationList section */

/* Begin XCVersionGroup section */
		4C9A03871CAB064200CA9A02 /* EggplantButton.xcdatamodeld */ = {
			isa = XCVersionGroup;
			children = (
				4C9A03881CAB064200CA9A02 /* EggplantButton.xcdatamodel */,
			);
			currentVersion = 4C9A03881CAB064200CA9A02 /* EggplantButton.xcdatamodel */;
			path = EggplantButton.xcdatamodeld;
			sourceTree = "<group>";
			versionGroupType = wrapper.xcdatamodel;
		};
/* End XCVersionGroup section */
	};
	rootObject = 4C9A03701CAB064200CA9A02 /* Project object */;
}
